// !$*UTF8*$!
{
	archiveVersion = 1;
	classes = {
	};
	objectVersion = 50;
	objects = {

/* Begin PBXBuildFile section */
		09C956032EC9B75BFB479350 /* Pods_TestHost.framework in Frameworks */ = {isa = PBXBuildFile; fileRef = BAFAEADEDB852F098F21E42C /* Pods_TestHost.framework */; };
		0F52A4F962B7149906C7A8AD /* Pods_PasswordManagerTests.framework in Frameworks */ = {isa = PBXBuildFile; fileRef = D0CACBE904F3667010004289 /* Pods_PasswordManagerTests.framework */; };
		25295CED20ADBE3C0022EB8C /* Credentials.storyboard in Resources */ = {isa = PBXBuildFile; fileRef = 25295CEC20ADBE3C0022EB8C /* Credentials.storyboard */; };
		25295CEF20ADBE440022EB8C /* CredentialsViewController.swift in Sources */ = {isa = PBXBuildFile; fileRef = 25295CEE20ADBE440022EB8C /* CredentialsViewController.swift */; };
		25295CF120ADBE4A0022EB8C /* CredentialsViewModel.swift in Sources */ = {isa = PBXBuildFile; fileRef = 25295CF020ADBE4A0022EB8C /* CredentialsViewModel.swift */; };
		25295CF620ADBE650022EB8C /* CredentialTableViewCell.swift in Sources */ = {isa = PBXBuildFile; fileRef = 25295CF420ADBE650022EB8C /* CredentialTableViewCell.swift */; };
		25295CF820ADBEA80022EB8C /* CredentialType.swift in Sources */ = {isa = PBXBuildFile; fileRef = 25295CF720ADBEA80022EB8C /* CredentialType.swift */; };
		25295CFA20ADBED00022EB8C /* ImageLoaderType.swift in Sources */ = {isa = PBXBuildFile; fileRef = 25295CF920ADBED00022EB8C /* ImageLoaderType.swift */; };
		25295D0020ADC0E70022EB8C /* ImageNetworkService.swift in Sources */ = {isa = PBXBuildFile; fileRef = 25295CFF20ADC0E70022EB8C /* ImageNetworkService.swift */; };
		25295D0620ADC94A0022EB8C /* EditCredential.storyboard in Resources */ = {isa = PBXBuildFile; fileRef = 25295D0520ADC94A0022EB8C /* EditCredential.storyboard */; };
		25295D0920ADC9530022EB8C /* EditCredentialViewController.swift in Sources */ = {isa = PBXBuildFile; fileRef = 25295D0720ADC9530022EB8C /* EditCredentialViewController.swift */; };
		25295D0A20ADC9530022EB8C /* EditCredentialViewModel.swift in Sources */ = {isa = PBXBuildFile; fileRef = 25295D0820ADC9530022EB8C /* EditCredentialViewModel.swift */; };
		25295D1220ADEA070022EB8C /* KeychainInternetPasswordItem+CredentialType.swift in Sources */ = {isa = PBXBuildFile; fileRef = 25295D1120ADEA070022EB8C /* KeychainInternetPasswordItem+CredentialType.swift */; };
		252CC42920AE269D00A2FB64 /* KeychainPasswordItem+Rx.swift in Sources */ = {isa = PBXBuildFile; fileRef = 252CC42820AE269D00A2FB64 /* KeychainPasswordItem+Rx.swift */; };
		252CC42B20AE40AE00A2FB64 /* SignUpNetworkServiceType.swift in Sources */ = {isa = PBXBuildFile; fileRef = 252CC42A20AE40AE00A2FB64 /* SignUpNetworkServiceType.swift */; };
		252CC42D20AE40EB00A2FB64 /* ImageNetworkServiceType.swift in Sources */ = {isa = PBXBuildFile; fileRef = 252CC42C20AE40EB00A2FB64 /* ImageNetworkServiceType.swift */; };
		252CC42F20AE42AD00A2FB64 /* LogoLoader.swift in Sources */ = {isa = PBXBuildFile; fileRef = 252CC42E20AE42AD00A2FB64 /* LogoLoader.swift */; };
		252CC43220AE453200A2FB64 /* LogoLoaderFactory.swift in Sources */ = {isa = PBXBuildFile; fileRef = 252CC43120AE453200A2FB64 /* LogoLoaderFactory.swift */; };
		252CC43420AE46F100A2FB64 /* CredentialsViewModelFactory.swift in Sources */ = {isa = PBXBuildFile; fileRef = 252CC43320AE46F100A2FB64 /* CredentialsViewModelFactory.swift */; };
		25B7950620ACBF1700E2A2CA /* AppDelegate.swift in Sources */ = {isa = PBXBuildFile; fileRef = 25B7950520ACBF1700E2A2CA /* AppDelegate.swift */; };
		25B7950D20ACBF1800E2A2CA /* Assets.xcassets in Resources */ = {isa = PBXBuildFile; fileRef = 25B7950C20ACBF1800E2A2CA /* Assets.xcassets */; };
		25B7951020ACBF1800E2A2CA /* LaunchScreen.storyboard in Resources */ = {isa = PBXBuildFile; fileRef = 25B7950E20ACBF1800E2A2CA /* LaunchScreen.storyboard */; };
		25B7952620ACBF1800E2A2CA /* PasswordManagerUITests.swift in Sources */ = {isa = PBXBuildFile; fileRef = 25B7952520ACBF1800E2A2CA /* PasswordManagerUITests.swift */; };
		25B7953A20ACBF2900E2A2CA /* AppDelegate.swift in Sources */ = {isa = PBXBuildFile; fileRef = 25B7953920ACBF2900E2A2CA /* AppDelegate.swift */; };
		25B7954120ACBF2900E2A2CA /* Assets.xcassets in Resources */ = {isa = PBXBuildFile; fileRef = 25B7954020ACBF2900E2A2CA /* Assets.xcassets */; };
		25B7954E20ACC01A00E2A2CA /* SignUp.storyboard in Resources */ = {isa = PBXBuildFile; fileRef = 25B7954D20ACC01A00E2A2CA /* SignUp.storyboard */; };
		25B7955020ACC22800E2A2CA /* SignUpViewModel.swift in Sources */ = {isa = PBXBuildFile; fileRef = 25B7954F20ACC22800E2A2CA /* SignUpViewModel.swift */; };
		25B7955520ACC3BE00E2A2CA /* SignUpCoordinatorType.swift in Sources */ = {isa = PBXBuildFile; fileRef = 25B7955420ACC3BE00E2A2CA /* SignUpCoordinatorType.swift */; };
		25B7955820ACC41300E2A2CA /* SessionType.swift in Sources */ = {isa = PBXBuildFile; fileRef = 25B7955720ACC41300E2A2CA /* SessionType.swift */; };
		25B7955A20ACC43900E2A2CA /* SignUpDataType.swift in Sources */ = {isa = PBXBuildFile; fileRef = 25B7955920ACC43900E2A2CA /* SignUpDataType.swift */; };
		25B7955C20ACC49D00E2A2CA /* UserType.swift in Sources */ = {isa = PBXBuildFile; fileRef = 25B7955B20ACC49D00E2A2CA /* UserType.swift */; };
		25B7956120ACC5E200E2A2CA /* KeychainPasswordItem.swift in Sources */ = {isa = PBXBuildFile; fileRef = 25B7956020ACC5E200E2A2CA /* KeychainPasswordItem.swift */; };
		25B7956520ACC71B00E2A2CA /* KeychainServerPasswordItemSpec.swift in Sources */ = {isa = PBXBuildFile; fileRef = 25B7956420ACC71B00E2A2CA /* KeychainServerPasswordItemSpec.swift */; };
		25B7957320ACDE0D00E2A2CA /* SceneTransitionType.swift in Sources */ = {isa = PBXBuildFile; fileRef = 25B7956E20ACDE0C00E2A2CA /* SceneTransitionType.swift */; };
		25B7957420ACDE0D00E2A2CA /* Scene+ViewController.swift in Sources */ = {isa = PBXBuildFile; fileRef = 25B7956F20ACDE0C00E2A2CA /* Scene+ViewController.swift */; };
		25B7957520ACDE0D00E2A2CA /* SceneCoordinator.swift in Sources */ = {isa = PBXBuildFile; fileRef = 25B7957020ACDE0C00E2A2CA /* SceneCoordinator.swift */; };
		25B7957620ACDE0D00E2A2CA /* SceneCoordinatorType.swift in Sources */ = {isa = PBXBuildFile; fileRef = 25B7957120ACDE0D00E2A2CA /* SceneCoordinatorType.swift */; };
		25B7957720ACDE0D00E2A2CA /* Scene.swift in Sources */ = {isa = PBXBuildFile; fileRef = 25B7957220ACDE0D00E2A2CA /* Scene.swift */; };
		25B7957920ACDE4400E2A2CA /* SignUpViewController.swift in Sources */ = {isa = PBXBuildFile; fileRef = 25B7957820ACDE4400E2A2CA /* SignUpViewController.swift */; };
		25B7957B20ACDF2A00E2A2CA /* BindableType.swift in Sources */ = {isa = PBXBuildFile; fileRef = 25B7957A20ACDF2A00E2A2CA /* BindableType.swift */; };
		25B7957E20ACE03A00E2A2CA /* SignUpData.swift in Sources */ = {isa = PBXBuildFile; fileRef = 25B7957D20ACE03A00E2A2CA /* SignUpData.swift */; };
		25B7958320ACE08200E2A2CA /* ValidationError.swift in Sources */ = {isa = PBXBuildFile; fileRef = 25B7958020ACE08200E2A2CA /* ValidationError.swift */; };
		25B7958420ACE08200E2A2CA /* ValidationRuleSet+.swift in Sources */ = {isa = PBXBuildFile; fileRef = 25B7958120ACE08200E2A2CA /* ValidationRuleSet+.swift */; };
		25B7958520ACE08200E2A2CA /* ContainsSpecialCharPattern.swift in Sources */ = {isa = PBXBuildFile; fileRef = 25B7958220ACE08200E2A2CA /* ContainsSpecialCharPattern.swift */; };
		25B7958720ACE0A400E2A2CA /* String+Validation.swift in Sources */ = {isa = PBXBuildFile; fileRef = 25B7958620ACE0A400E2A2CA /* String+Validation.swift */; };
		25B7958D20ACE1F500E2A2CA /* BiometricAuthViewModel.swift in Sources */ = {isa = PBXBuildFile; fileRef = 25B7958920ACE1F500E2A2CA /* BiometricAuthViewModel.swift */; };
		25B7958E20ACE1F500E2A2CA /* BiometricAuthViewController.swift in Sources */ = {isa = PBXBuildFile; fileRef = 25B7958A20ACE1F500E2A2CA /* BiometricAuthViewController.swift */; };
		25B7958F20ACE1F500E2A2CA /* BiometricAuth.storyboard in Resources */ = {isa = PBXBuildFile; fileRef = 25B7958B20ACE1F500E2A2CA /* BiometricAuth.storyboard */; };
		25B7959020ACE1F500E2A2CA /* BiometricAuthentication.swift in Sources */ = {isa = PBXBuildFile; fileRef = 25B7958C20ACE1F500E2A2CA /* BiometricAuthentication.swift */; };
		25B7959620ACE22F00E2A2CA /* SignInCoordinator.swift in Sources */ = {isa = PBXBuildFile; fileRef = 25B7959220ACE22F00E2A2CA /* SignInCoordinator.swift */; };
		25B7959720ACE22F00E2A2CA /* SignIn.storyboard in Resources */ = {isa = PBXBuildFile; fileRef = 25B7959320ACE22F00E2A2CA /* SignIn.storyboard */; };
		25B7959820ACE22F00E2A2CA /* SignInViewController.swift in Sources */ = {isa = PBXBuildFile; fileRef = 25B7959420ACE22F00E2A2CA /* SignInViewController.swift */; };
		25B7959920ACE22F00E2A2CA /* SignInViewModel.swift in Sources */ = {isa = PBXBuildFile; fileRef = 25B7959520ACE22F00E2A2CA /* SignInViewModel.swift */; };
		25B7959B20ACE26000E2A2CA /* SignUpCoordinator.swift in Sources */ = {isa = PBXBuildFile; fileRef = 25B7959A20ACE26000E2A2CA /* SignUpCoordinator.swift */; };
		25B7959F20ACE29000E2A2CA /* UserDefaults+Codable.swift in Sources */ = {isa = PBXBuildFile; fileRef = 25B7959D20ACE29000E2A2CA /* UserDefaults+Codable.swift */; };
		25B795A020ACE29000E2A2CA /* UserDefaults+SessionType.swift in Sources */ = {isa = PBXBuildFile; fileRef = 25B7959E20ACE29000E2A2CA /* UserDefaults+SessionType.swift */; };
		25B795A220ACE2A900E2A2CA /* PrimitiveSequenceType+UserType.swift in Sources */ = {isa = PBXBuildFile; fileRef = 25B795A120ACE2A900E2A2CA /* PrimitiveSequenceType+UserType.swift */; };
		25B795A520ACE2D200E2A2CA /* Single+Completable.swift in Sources */ = {isa = PBXBuildFile; fileRef = 25B795A420ACE2D200E2A2CA /* Single+Completable.swift */; };
		25B795A720ACE2E100E2A2CA /* UIViewController+.swift in Sources */ = {isa = PBXBuildFile; fileRef = 25B795A620ACE2E100E2A2CA /* UIViewController+.swift */; };
		25B795AB20ACE32400E2A2CA /* User.swift in Sources */ = {isa = PBXBuildFile; fileRef = 25B795AA20ACE32400E2A2CA /* User.swift */; };
		25B795AD20ACE4B500E2A2CA /* BiometricAuthHandlerType.swift in Sources */ = {isa = PBXBuildFile; fileRef = 25B795AC20ACE4B500E2A2CA /* BiometricAuthHandlerType.swift */; };
		25B795B020ACE54100E2A2CA /* SignInNetworkServiceType.swift in Sources */ = {isa = PBXBuildFile; fileRef = 25B795AE20ACE54100E2A2CA /* SignInNetworkServiceType.swift */; };
		25B795B120ACE54100E2A2CA /* SignInCoordinatorType.swift in Sources */ = {isa = PBXBuildFile; fileRef = 25B795AF20ACE54100E2A2CA /* SignInCoordinatorType.swift */; };
		25B795B320ACE57900E2A2CA /* SignInDataType.swift in Sources */ = {isa = PBXBuildFile; fileRef = 25B795B220ACE57900E2A2CA /* SignInDataType.swift */; };
		25B795B520ACE61200E2A2CA /* SignInData.swift in Sources */ = {isa = PBXBuildFile; fileRef = 25B795B420ACE61100E2A2CA /* SignInData.swift */; };
		25B795B720ACE89200E2A2CA /* SignUpNetworkService.swift in Sources */ = {isa = PBXBuildFile; fileRef = 25B795B620ACE89200E2A2CA /* SignUpNetworkService.swift */; };
		25B795BA20ACE8C800E2A2CA /* CedroAPI.swift in Sources */ = {isa = PBXBuildFile; fileRef = 25B795B920ACE8C800E2A2CA /* CedroAPI.swift */; };
		25B795BC20ACE93A00E2A2CA /* APIResponse.swift in Sources */ = {isa = PBXBuildFile; fileRef = 25B795BB20ACE93A00E2A2CA /* APIResponse.swift */; };
		25B795BE20ACEE9A00E2A2CA /* SignInNetworkService.swift in Sources */ = {isa = PBXBuildFile; fileRef = 25B795BD20ACEE9A00E2A2CA /* SignInNetworkService.swift */; };
		25B795C120AD05DB00E2A2CA /* UINavigationController+Rx.swift in Sources */ = {isa = PBXBuildFile; fileRef = 25B795C020AD05DB00E2A2CA /* UINavigationController+Rx.swift */; };
		25B795C520AD0DEC00E2A2CA /* SignUpViewModelSpec.swift in Sources */ = {isa = PBXBuildFile; fileRef = 25B795C420AD0DEC00E2A2CA /* SignUpViewModelSpec.swift */; };
		25B795C720AD0F3600E2A2CA /* MockSignUpCoordinator.swift in Sources */ = {isa = PBXBuildFile; fileRef = 25B795C620AD0F3600E2A2CA /* MockSignUpCoordinator.swift */; };
		25B795CC20AD101E00E2A2CA /* MockUserDefaults.swift in Sources */ = {isa = PBXBuildFile; fileRef = 25B795CA20AD101E00E2A2CA /* MockUserDefaults.swift */; };
		25B795CD20AD101E00E2A2CA /* UserDefaultsSpecs.swift in Sources */ = {isa = PBXBuildFile; fileRef = 25B795CB20AD101E00E2A2CA /* UserDefaultsSpecs.swift */; };
		25B795D020AD10FB00E2A2CA /* MockSceneCoordinator.swift in Sources */ = {isa = PBXBuildFile; fileRef = 25B795CF20AD10FB00E2A2CA /* MockSceneCoordinator.swift */; };
		25B795D220AD123C00E2A2CA /* MockSignUpNetworkService.swift in Sources */ = {isa = PBXBuildFile; fileRef = 25B795D120AD123C00E2A2CA /* MockSignUpNetworkService.swift */; };
		DD5A57047D2F707DD1A715E8 /* Pods_PasswordManagerUITests.framework in Frameworks */ = {isa = PBXBuildFile; fileRef = 44AD3405657510A4F05DE46C /* Pods_PasswordManagerUITests.framework */; };
		E8BA01908DFFA7CEEE485141 /* Pods_PasswordManager.framework in Frameworks */ = {isa = PBXBuildFile; fileRef = F6B0BDD4E6C1D69DE88A199E /* Pods_PasswordManager.framework */; };
/* End PBXBuildFile section */

/* Begin PBXContainerItemProxy section */
		25B7951720ACBF1800E2A2CA /* PBXContainerItemProxy */ = {
			isa = PBXContainerItemProxy;
			containerPortal = 25B794FA20ACBF1700E2A2CA /* Project object */;
			proxyType = 1;
			remoteGlobalIDString = 25B7950120ACBF1700E2A2CA;
			remoteInfo = PasswordManager;
		};
		25B7952220ACBF1800E2A2CA /* PBXContainerItemProxy */ = {
			isa = PBXContainerItemProxy;
			containerPortal = 25B794FA20ACBF1700E2A2CA /* Project object */;
			proxyType = 1;
			remoteGlobalIDString = 25B7950120ACBF1700E2A2CA;
			remoteInfo = PasswordManager;
		};
		25B7956620ACCF6C00E2A2CA /* PBXContainerItemProxy */ = {
			isa = PBXContainerItemProxy;
			containerPortal = 25B794FA20ACBF1700E2A2CA /* Project object */;
			proxyType = 1;
			remoteGlobalIDString = 25B7953620ACBF2900E2A2CA;
			remoteInfo = TestHost;
		};
		25B7956920ACCFB500E2A2CA /* PBXContainerItemProxy */ = {
			isa = PBXContainerItemProxy;
			containerPortal = 25B794FA20ACBF1700E2A2CA /* Project object */;
			proxyType = 1;
			remoteGlobalIDString = 25B7950120ACBF1700E2A2CA;
			remoteInfo = PasswordManager;
		};
/* End PBXContainerItemProxy section */

/* Begin PBXFileReference section */
		137662B49AA5A49E82028616 /* Pods-TestHost.debug.xcconfig */ = {isa = PBXFileReference; includeInIndex = 1; lastKnownFileType = text.xcconfig; name = "Pods-TestHost.debug.xcconfig"; path = "Pods/Target Support Files/Pods-TestHost/Pods-TestHost.debug.xcconfig"; sourceTree = "<group>"; };
		21E81011C173DE023492A262 /* Pods-PasswordManagerTests.debug.xcconfig */ = {isa = PBXFileReference; includeInIndex = 1; lastKnownFileType = text.xcconfig; name = "Pods-PasswordManagerTests.debug.xcconfig"; path = "Pods/Target Support Files/Pods-PasswordManagerTests/Pods-PasswordManagerTests.debug.xcconfig"; sourceTree = "<group>"; };
		25295CEC20ADBE3C0022EB8C /* Credentials.storyboard */ = {isa = PBXFileReference; fileEncoding = 4; lastKnownFileType = file.storyboard; path = Credentials.storyboard; sourceTree = "<group>"; };
		25295CEE20ADBE440022EB8C /* CredentialsViewController.swift */ = {isa = PBXFileReference; fileEncoding = 4; lastKnownFileType = sourcecode.swift; path = CredentialsViewController.swift; sourceTree = "<group>"; };
		25295CF020ADBE4A0022EB8C /* CredentialsViewModel.swift */ = {isa = PBXFileReference; fileEncoding = 4; lastKnownFileType = sourcecode.swift; path = CredentialsViewModel.swift; sourceTree = "<group>"; };
		25295CF420ADBE650022EB8C /* CredentialTableViewCell.swift */ = {isa = PBXFileReference; fileEncoding = 4; lastKnownFileType = sourcecode.swift; path = CredentialTableViewCell.swift; sourceTree = "<group>"; };
		25295CF720ADBEA80022EB8C /* CredentialType.swift */ = {isa = PBXFileReference; fileEncoding = 4; lastKnownFileType = sourcecode.swift; path = CredentialType.swift; sourceTree = "<group>"; };
		25295CF920ADBED00022EB8C /* ImageLoaderType.swift */ = {isa = PBXFileReference; fileEncoding = 4; lastKnownFileType = sourcecode.swift; path = ImageLoaderType.swift; sourceTree = "<group>"; };
		25295CFF20ADC0E70022EB8C /* ImageNetworkService.swift */ = {isa = PBXFileReference; fileEncoding = 4; lastKnownFileType = sourcecode.swift; path = ImageNetworkService.swift; sourceTree = "<group>"; };
		25295D0520ADC94A0022EB8C /* EditCredential.storyboard */ = {isa = PBXFileReference; fileEncoding = 4; lastKnownFileType = file.storyboard; path = EditCredential.storyboard; sourceTree = "<group>"; };
		25295D0720ADC9530022EB8C /* EditCredentialViewController.swift */ = {isa = PBXFileReference; fileEncoding = 4; lastKnownFileType = sourcecode.swift; path = EditCredentialViewController.swift; sourceTree = "<group>"; };
		25295D0820ADC9530022EB8C /* EditCredentialViewModel.swift */ = {isa = PBXFileReference; fileEncoding = 4; lastKnownFileType = sourcecode.swift; path = EditCredentialViewModel.swift; sourceTree = "<group>"; };
		25295D1120ADEA070022EB8C /* KeychainInternetPasswordItem+CredentialType.swift */ = {isa = PBXFileReference; lastKnownFileType = sourcecode.swift; path = "KeychainInternetPasswordItem+CredentialType.swift"; sourceTree = "<group>"; };
		252CC42820AE269D00A2FB64 /* KeychainPasswordItem+Rx.swift */ = {isa = PBXFileReference; lastKnownFileType = sourcecode.swift; path = "KeychainPasswordItem+Rx.swift"; sourceTree = "<group>"; };
		252CC42A20AE40AE00A2FB64 /* SignUpNetworkServiceType.swift */ = {isa = PBXFileReference; lastKnownFileType = sourcecode.swift; path = SignUpNetworkServiceType.swift; sourceTree = "<group>"; };
		252CC42C20AE40EB00A2FB64 /* ImageNetworkServiceType.swift */ = {isa = PBXFileReference; lastKnownFileType = sourcecode.swift; path = ImageNetworkServiceType.swift; sourceTree = "<group>"; };
		252CC42E20AE42AD00A2FB64 /* LogoLoader.swift */ = {isa = PBXFileReference; lastKnownFileType = sourcecode.swift; path = LogoLoader.swift; sourceTree = "<group>"; };
		252CC43120AE453200A2FB64 /* LogoLoaderFactory.swift */ = {isa = PBXFileReference; lastKnownFileType = sourcecode.swift; path = LogoLoaderFactory.swift; sourceTree = "<group>"; };
		252CC43320AE46F100A2FB64 /* CredentialsViewModelFactory.swift */ = {isa = PBXFileReference; lastKnownFileType = sourcecode.swift; path = CredentialsViewModelFactory.swift; sourceTree = "<group>"; };
		25B7950220ACBF1700E2A2CA /* PasswordManager.app */ = {isa = PBXFileReference; explicitFileType = wrapper.application; includeInIndex = 0; path = PasswordManager.app; sourceTree = BUILT_PRODUCTS_DIR; };
		25B7950520ACBF1700E2A2CA /* AppDelegate.swift */ = {isa = PBXFileReference; lastKnownFileType = sourcecode.swift; path = AppDelegate.swift; sourceTree = "<group>"; };
		25B7950C20ACBF1800E2A2CA /* Assets.xcassets */ = {isa = PBXFileReference; lastKnownFileType = folder.assetcatalog; path = Assets.xcassets; sourceTree = "<group>"; };
		25B7950F20ACBF1800E2A2CA /* Base */ = {isa = PBXFileReference; lastKnownFileType = file.storyboard; name = Base; path = Base.lproj/LaunchScreen.storyboard; sourceTree = "<group>"; };
		25B7951120ACBF1800E2A2CA /* Info.plist */ = {isa = PBXFileReference; lastKnownFileType = text.plist.xml; path = Info.plist; sourceTree = "<group>"; };
		25B7951620ACBF1800E2A2CA /* PasswordManagerTests.xctest */ = {isa = PBXFileReference; explicitFileType = wrapper.cfbundle; includeInIndex = 0; path = PasswordManagerTests.xctest; sourceTree = BUILT_PRODUCTS_DIR; };
		25B7951C20ACBF1800E2A2CA /* Info.plist */ = {isa = PBXFileReference; lastKnownFileType = text.plist.xml; path = Info.plist; sourceTree = "<group>"; };
		25B7952120ACBF1800E2A2CA /* PasswordManagerUITests.xctest */ = {isa = PBXFileReference; explicitFileType = wrapper.cfbundle; includeInIndex = 0; path = PasswordManagerUITests.xctest; sourceTree = BUILT_PRODUCTS_DIR; };
		25B7952520ACBF1800E2A2CA /* PasswordManagerUITests.swift */ = {isa = PBXFileReference; lastKnownFileType = sourcecode.swift; path = PasswordManagerUITests.swift; sourceTree = "<group>"; };
		25B7952720ACBF1800E2A2CA /* Info.plist */ = {isa = PBXFileReference; lastKnownFileType = text.plist.xml; path = Info.plist; sourceTree = "<group>"; };
		25B7953720ACBF2900E2A2CA /* TestHost.app */ = {isa = PBXFileReference; explicitFileType = wrapper.application; includeInIndex = 0; path = TestHost.app; sourceTree = BUILT_PRODUCTS_DIR; };
		25B7953920ACBF2900E2A2CA /* AppDelegate.swift */ = {isa = PBXFileReference; lastKnownFileType = sourcecode.swift; path = AppDelegate.swift; sourceTree = "<group>"; };
		25B7954020ACBF2900E2A2CA /* Assets.xcassets */ = {isa = PBXFileReference; lastKnownFileType = folder.assetcatalog; path = Assets.xcassets; sourceTree = "<group>"; };
		25B7954520ACBF2900E2A2CA /* Info.plist */ = {isa = PBXFileReference; lastKnownFileType = text.plist.xml; path = Info.plist; sourceTree = "<group>"; };
		25B7954D20ACC01A00E2A2CA /* SignUp.storyboard */ = {isa = PBXFileReference; lastKnownFileType = file.storyboard; path = SignUp.storyboard; sourceTree = "<group>"; };
		25B7954F20ACC22800E2A2CA /* SignUpViewModel.swift */ = {isa = PBXFileReference; lastKnownFileType = sourcecode.swift; path = SignUpViewModel.swift; sourceTree = "<group>"; };
		25B7955420ACC3BE00E2A2CA /* SignUpCoordinatorType.swift */ = {isa = PBXFileReference; lastKnownFileType = sourcecode.swift; path = SignUpCoordinatorType.swift; sourceTree = "<group>"; };
		25B7955720ACC41300E2A2CA /* SessionType.swift */ = {isa = PBXFileReference; lastKnownFileType = sourcecode.swift; path = SessionType.swift; sourceTree = "<group>"; };
		25B7955920ACC43900E2A2CA /* SignUpDataType.swift */ = {isa = PBXFileReference; lastKnownFileType = sourcecode.swift; path = SignUpDataType.swift; sourceTree = "<group>"; };
		25B7955B20ACC49D00E2A2CA /* UserType.swift */ = {isa = PBXFileReference; lastKnownFileType = sourcecode.swift; path = UserType.swift; sourceTree = "<group>"; };
		25B7956020ACC5E200E2A2CA /* KeychainPasswordItem.swift */ = {isa = PBXFileReference; fileEncoding = 4; lastKnownFileType = sourcecode.swift; path = KeychainPasswordItem.swift; sourceTree = "<group>"; };
		25B7956320ACC71A00E2A2CA /* PasswordManagerTests-Bridging-Header.h */ = {isa = PBXFileReference; lastKnownFileType = sourcecode.c.h; path = "PasswordManagerTests-Bridging-Header.h"; sourceTree = "<group>"; };
		25B7956420ACC71B00E2A2CA /* KeychainServerPasswordItemSpec.swift */ = {isa = PBXFileReference; lastKnownFileType = sourcecode.swift; path = KeychainServerPasswordItemSpec.swift; sourceTree = "<group>"; };
		25B7956820ACCF9000E2A2CA /* TestHost.entitlements */ = {isa = PBXFileReference; lastKnownFileType = text.plist.entitlements; path = TestHost.entitlements; sourceTree = "<group>"; };
		25B7956E20ACDE0C00E2A2CA /* SceneTransitionType.swift */ = {isa = PBXFileReference; fileEncoding = 4; lastKnownFileType = sourcecode.swift; path = SceneTransitionType.swift; sourceTree = "<group>"; };
		25B7956F20ACDE0C00E2A2CA /* Scene+ViewController.swift */ = {isa = PBXFileReference; fileEncoding = 4; lastKnownFileType = sourcecode.swift; path = "Scene+ViewController.swift"; sourceTree = "<group>"; };
		25B7957020ACDE0C00E2A2CA /* SceneCoordinator.swift */ = {isa = PBXFileReference; fileEncoding = 4; lastKnownFileType = sourcecode.swift; path = SceneCoordinator.swift; sourceTree = "<group>"; };
		25B7957120ACDE0D00E2A2CA /* SceneCoordinatorType.swift */ = {isa = PBXFileReference; fileEncoding = 4; lastKnownFileType = sourcecode.swift; path = SceneCoordinatorType.swift; sourceTree = "<group>"; };
		25B7957220ACDE0D00E2A2CA /* Scene.swift */ = {isa = PBXFileReference; fileEncoding = 4; lastKnownFileType = sourcecode.swift; path = Scene.swift; sourceTree = "<group>"; };
		25B7957820ACDE4400E2A2CA /* SignUpViewController.swift */ = {isa = PBXFileReference; lastKnownFileType = sourcecode.swift; path = SignUpViewController.swift; sourceTree = "<group>"; };
		25B7957A20ACDF2A00E2A2CA /* BindableType.swift */ = {isa = PBXFileReference; fileEncoding = 4; lastKnownFileType = sourcecode.swift; path = BindableType.swift; sourceTree = "<group>"; };
		25B7957D20ACE03A00E2A2CA /* SignUpData.swift */ = {isa = PBXFileReference; fileEncoding = 4; lastKnownFileType = sourcecode.swift; path = SignUpData.swift; sourceTree = "<group>"; };
		25B7958020ACE08200E2A2CA /* ValidationError.swift */ = {isa = PBXFileReference; fileEncoding = 4; lastKnownFileType = sourcecode.swift; path = ValidationError.swift; sourceTree = "<group>"; };
		25B7958120ACE08200E2A2CA /* ValidationRuleSet+.swift */ = {isa = PBXFileReference; fileEncoding = 4; lastKnownFileType = sourcecode.swift; path = "ValidationRuleSet+.swift"; sourceTree = "<group>"; };
		25B7958220ACE08200E2A2CA /* ContainsSpecialCharPattern.swift */ = {isa = PBXFileReference; fileEncoding = 4; lastKnownFileType = sourcecode.swift; path = ContainsSpecialCharPattern.swift; sourceTree = "<group>"; };
		25B7958620ACE0A400E2A2CA /* String+Validation.swift */ = {isa = PBXFileReference; lastKnownFileType = sourcecode.swift; path = "String+Validation.swift"; sourceTree = "<group>"; };
		25B7958920ACE1F500E2A2CA /* BiometricAuthViewModel.swift */ = {isa = PBXFileReference; fileEncoding = 4; lastKnownFileType = sourcecode.swift; path = BiometricAuthViewModel.swift; sourceTree = "<group>"; };
		25B7958A20ACE1F500E2A2CA /* BiometricAuthViewController.swift */ = {isa = PBXFileReference; fileEncoding = 4; lastKnownFileType = sourcecode.swift; path = BiometricAuthViewController.swift; sourceTree = "<group>"; };
		25B7958B20ACE1F500E2A2CA /* BiometricAuth.storyboard */ = {isa = PBXFileReference; fileEncoding = 4; lastKnownFileType = file.storyboard; path = BiometricAuth.storyboard; sourceTree = "<group>"; };
		25B7958C20ACE1F500E2A2CA /* BiometricAuthentication.swift */ = {isa = PBXFileReference; fileEncoding = 4; lastKnownFileType = sourcecode.swift; path = BiometricAuthentication.swift; sourceTree = "<group>"; };
		25B7959220ACE22F00E2A2CA /* SignInCoordinator.swift */ = {isa = PBXFileReference; fileEncoding = 4; lastKnownFileType = sourcecode.swift; path = SignInCoordinator.swift; sourceTree = "<group>"; };
		25B7959320ACE22F00E2A2CA /* SignIn.storyboard */ = {isa = PBXFileReference; fileEncoding = 4; lastKnownFileType = file.storyboard; path = SignIn.storyboard; sourceTree = "<group>"; };
		25B7959420ACE22F00E2A2CA /* SignInViewController.swift */ = {isa = PBXFileReference; fileEncoding = 4; lastKnownFileType = sourcecode.swift; path = SignInViewController.swift; sourceTree = "<group>"; };
		25B7959520ACE22F00E2A2CA /* SignInViewModel.swift */ = {isa = PBXFileReference; fileEncoding = 4; lastKnownFileType = sourcecode.swift; path = SignInViewModel.swift; sourceTree = "<group>"; };
		25B7959A20ACE26000E2A2CA /* SignUpCoordinator.swift */ = {isa = PBXFileReference; fileEncoding = 4; lastKnownFileType = sourcecode.swift; path = SignUpCoordinator.swift; sourceTree = "<group>"; };
		25B7959D20ACE29000E2A2CA /* UserDefaults+Codable.swift */ = {isa = PBXFileReference; fileEncoding = 4; lastKnownFileType = sourcecode.swift; path = "UserDefaults+Codable.swift"; sourceTree = "<group>"; };
		25B7959E20ACE29000E2A2CA /* UserDefaults+SessionType.swift */ = {isa = PBXFileReference; fileEncoding = 4; lastKnownFileType = sourcecode.swift; path = "UserDefaults+SessionType.swift"; sourceTree = "<group>"; };
		25B795A120ACE2A900E2A2CA /* PrimitiveSequenceType+UserType.swift */ = {isa = PBXFileReference; fileEncoding = 4; lastKnownFileType = sourcecode.swift; path = "PrimitiveSequenceType+UserType.swift"; sourceTree = "<group>"; };
		25B795A420ACE2D200E2A2CA /* Single+Completable.swift */ = {isa = PBXFileReference; fileEncoding = 4; lastKnownFileType = sourcecode.swift; path = "Single+Completable.swift"; sourceTree = "<group>"; };
		25B795A620ACE2E100E2A2CA /* UIViewController+.swift */ = {isa = PBXFileReference; fileEncoding = 4; lastKnownFileType = sourcecode.swift; path = "UIViewController+.swift"; sourceTree = "<group>"; };
		25B795AA20ACE32400E2A2CA /* User.swift */ = {isa = PBXFileReference; fileEncoding = 4; lastKnownFileType = sourcecode.swift; path = User.swift; sourceTree = "<group>"; };
		25B795AC20ACE4B500E2A2CA /* BiometricAuthHandlerType.swift */ = {isa = PBXFileReference; fileEncoding = 4; lastKnownFileType = sourcecode.swift; path = BiometricAuthHandlerType.swift; sourceTree = "<group>"; };
		25B795AE20ACE54100E2A2CA /* SignInNetworkServiceType.swift */ = {isa = PBXFileReference; fileEncoding = 4; lastKnownFileType = sourcecode.swift; path = SignInNetworkServiceType.swift; sourceTree = "<group>"; };
		25B795AF20ACE54100E2A2CA /* SignInCoordinatorType.swift */ = {isa = PBXFileReference; fileEncoding = 4; lastKnownFileType = sourcecode.swift; path = SignInCoordinatorType.swift; sourceTree = "<group>"; };
		25B795B220ACE57900E2A2CA /* SignInDataType.swift */ = {isa = PBXFileReference; lastKnownFileType = sourcecode.swift; path = SignInDataType.swift; sourceTree = "<group>"; };
		25B795B420ACE61100E2A2CA /* SignInData.swift */ = {isa = PBXFileReference; fileEncoding = 4; lastKnownFileType = sourcecode.swift; path = SignInData.swift; sourceTree = "<group>"; };
		25B795B620ACE89200E2A2CA /* SignUpNetworkService.swift */ = {isa = PBXFileReference; fileEncoding = 4; lastKnownFileType = sourcecode.swift; path = SignUpNetworkService.swift; sourceTree = "<group>"; };
		25B795B920ACE8C800E2A2CA /* CedroAPI.swift */ = {isa = PBXFileReference; fileEncoding = 4; lastKnownFileType = sourcecode.swift; path = CedroAPI.swift; sourceTree = "<group>"; };
		25B795BB20ACE93A00E2A2CA /* APIResponse.swift */ = {isa = PBXFileReference; fileEncoding = 4; lastKnownFileType = sourcecode.swift; path = APIResponse.swift; sourceTree = "<group>"; };
		25B795BD20ACEE9A00E2A2CA /* SignInNetworkService.swift */ = {isa = PBXFileReference; fileEncoding = 4; lastKnownFileType = sourcecode.swift; path = SignInNetworkService.swift; sourceTree = "<group>"; };
		25B795C020AD05DB00E2A2CA /* UINavigationController+Rx.swift */ = {isa = PBXFileReference; fileEncoding = 4; lastKnownFileType = sourcecode.swift; path = "UINavigationController+Rx.swift"; sourceTree = "<group>"; };
		25B795C420AD0DEC00E2A2CA /* SignUpViewModelSpec.swift */ = {isa = PBXFileReference; lastKnownFileType = sourcecode.swift; path = SignUpViewModelSpec.swift; sourceTree = "<group>"; };
		25B795C620AD0F3600E2A2CA /* MockSignUpCoordinator.swift */ = {isa = PBXFileReference; lastKnownFileType = sourcecode.swift; path = MockSignUpCoordinator.swift; sourceTree = "<group>"; };
		25B795CA20AD101E00E2A2CA /* MockUserDefaults.swift */ = {isa = PBXFileReference; fileEncoding = 4; lastKnownFileType = sourcecode.swift; path = MockUserDefaults.swift; sourceTree = "<group>"; };
		25B795CB20AD101E00E2A2CA /* UserDefaultsSpecs.swift */ = {isa = PBXFileReference; fileEncoding = 4; lastKnownFileType = sourcecode.swift; path = UserDefaultsSpecs.swift; sourceTree = "<group>"; };
		25B795CF20AD10FB00E2A2CA /* MockSceneCoordinator.swift */ = {isa = PBXFileReference; lastKnownFileType = sourcecode.swift; path = MockSceneCoordinator.swift; sourceTree = "<group>"; };
		25B795D120AD123C00E2A2CA /* MockSignUpNetworkService.swift */ = {isa = PBXFileReference; lastKnownFileType = sourcecode.swift; path = MockSignUpNetworkService.swift; sourceTree = "<group>"; };
		396B53E1E3DDA4AE5A2BEF54 /* Pods-TestHost.release.xcconfig */ = {isa = PBXFileReference; includeInIndex = 1; lastKnownFileType = text.xcconfig; name = "Pods-TestHost.release.xcconfig"; path = "Pods/Target Support Files/Pods-TestHost/Pods-TestHost.release.xcconfig"; sourceTree = "<group>"; };
		44AD3405657510A4F05DE46C /* Pods_PasswordManagerUITests.framework */ = {isa = PBXFileReference; explicitFileType = wrapper.framework; includeInIndex = 0; path = Pods_PasswordManagerUITests.framework; sourceTree = BUILT_PRODUCTS_DIR; };
		4B00254758255895244F3CD4 /* Pods-PasswordManagerUITests.release.xcconfig */ = {isa = PBXFileReference; includeInIndex = 1; lastKnownFileType = text.xcconfig; name = "Pods-PasswordManagerUITests.release.xcconfig"; path = "Pods/Target Support Files/Pods-PasswordManagerUITests/Pods-PasswordManagerUITests.release.xcconfig"; sourceTree = "<group>"; };
		68CD98A50F2DECC1C6EB6ECA /* Pods-PasswordManagerUITests.debug.xcconfig */ = {isa = PBXFileReference; includeInIndex = 1; lastKnownFileType = text.xcconfig; name = "Pods-PasswordManagerUITests.debug.xcconfig"; path = "Pods/Target Support Files/Pods-PasswordManagerUITests/Pods-PasswordManagerUITests.debug.xcconfig"; sourceTree = "<group>"; };
		734628A21743F7EF2B531933 /* Pods-PasswordManagerTests.release.xcconfig */ = {isa = PBXFileReference; includeInIndex = 1; lastKnownFileType = text.xcconfig; name = "Pods-PasswordManagerTests.release.xcconfig"; path = "Pods/Target Support Files/Pods-PasswordManagerTests/Pods-PasswordManagerTests.release.xcconfig"; sourceTree = "<group>"; };
		BAFAEADEDB852F098F21E42C /* Pods_TestHost.framework */ = {isa = PBXFileReference; explicitFileType = wrapper.framework; includeInIndex = 0; path = Pods_TestHost.framework; sourceTree = BUILT_PRODUCTS_DIR; };
		C2B00B29122C2D9EBB3FFEAF /* Pods-PasswordManager.release.xcconfig */ = {isa = PBXFileReference; includeInIndex = 1; lastKnownFileType = text.xcconfig; name = "Pods-PasswordManager.release.xcconfig"; path = "Pods/Target Support Files/Pods-PasswordManager/Pods-PasswordManager.release.xcconfig"; sourceTree = "<group>"; };
		D0CACBE904F3667010004289 /* Pods_PasswordManagerTests.framework */ = {isa = PBXFileReference; explicitFileType = wrapper.framework; includeInIndex = 0; path = Pods_PasswordManagerTests.framework; sourceTree = BUILT_PRODUCTS_DIR; };
		EA3BAA2CCDFA6B02797079CB /* Pods-PasswordManager.debug.xcconfig */ = {isa = PBXFileReference; includeInIndex = 1; lastKnownFileType = text.xcconfig; name = "Pods-PasswordManager.debug.xcconfig"; path = "Pods/Target Support Files/Pods-PasswordManager/Pods-PasswordManager.debug.xcconfig"; sourceTree = "<group>"; };
		F6B0BDD4E6C1D69DE88A199E /* Pods_PasswordManager.framework */ = {isa = PBXFileReference; explicitFileType = wrapper.framework; includeInIndex = 0; path = Pods_PasswordManager.framework; sourceTree = BUILT_PRODUCTS_DIR; };
/* End PBXFileReference section */

/* Begin PBXFrameworksBuildPhase section */
		25B794FF20ACBF1700E2A2CA /* Frameworks */ = {
			isa = PBXFrameworksBuildPhase;
			buildActionMask = 2147483647;
			files = (
				E8BA01908DFFA7CEEE485141 /* Pods_PasswordManager.framework in Frameworks */,
			);
			runOnlyForDeploymentPostprocessing = 0;
		};
		25B7951320ACBF1800E2A2CA /* Frameworks */ = {
			isa = PBXFrameworksBuildPhase;
			buildActionMask = 2147483647;
			files = (
				0F52A4F962B7149906C7A8AD /* Pods_PasswordManagerTests.framework in Frameworks */,
			);
			runOnlyForDeploymentPostprocessing = 0;
		};
		25B7951E20ACBF1800E2A2CA /* Frameworks */ = {
			isa = PBXFrameworksBuildPhase;
			buildActionMask = 2147483647;
			files = (
				DD5A57047D2F707DD1A715E8 /* Pods_PasswordManagerUITests.framework in Frameworks */,
			);
			runOnlyForDeploymentPostprocessing = 0;
		};
		25B7953420ACBF2900E2A2CA /* Frameworks */ = {
			isa = PBXFrameworksBuildPhase;
			buildActionMask = 2147483647;
			files = (
				09C956032EC9B75BFB479350 /* Pods_TestHost.framework in Frameworks */,
			);
			runOnlyForDeploymentPostprocessing = 0;
		};
/* End PBXFrameworksBuildPhase section */

/* Begin PBXGroup section */
		25295CE720ADBDE60022EB8C /* Credentials */ = {
			isa = PBXGroup;
			children = (
				25295CE820ADBDFA0022EB8C /* List */,
				25295D0420ADC8500022EB8C /* Edit */,
			);
			path = Credentials;
			sourceTree = "<group>";
		};
		25295CE820ADBDFA0022EB8C /* List */ = {
			isa = PBXGroup;
			children = (
				25295CF220ADBE5A0022EB8C /* Cell */,
				25295CEC20ADBE3C0022EB8C /* Credentials.storyboard */,
				25295CEE20ADBE440022EB8C /* CredentialsViewController.swift */,
				25295CF020ADBE4A0022EB8C /* CredentialsViewModel.swift */,
			);
			path = List;
			sourceTree = "<group>";
		};
		25295CF220ADBE5A0022EB8C /* Cell */ = {
			isa = PBXGroup;
			children = (
				25295CF420ADBE650022EB8C /* CredentialTableViewCell.swift */,
			);
			path = Cell;
			sourceTree = "<group>";
		};
		25295D0120ADC1A00022EB8C /* Persistence */ = {
			isa = PBXGroup;
			children = (
			);
			path = Persistence;
			sourceTree = "<group>";
		};
		25295D0420ADC8500022EB8C /* Edit */ = {
			isa = PBXGroup;
			children = (
				25295D0720ADC9530022EB8C /* EditCredentialViewController.swift */,
				25295D0820ADC9530022EB8C /* EditCredentialViewModel.swift */,
				25295D0520ADC94A0022EB8C /* EditCredential.storyboard */,
			);
			path = Edit;
			sourceTree = "<group>";
		};
		252CC43020AE451400A2FB64 /* Factories */ = {
			isa = PBXGroup;
			children = (
				252CC43120AE453200A2FB64 /* LogoLoaderFactory.swift */,
				252CC43320AE46F100A2FB64 /* CredentialsViewModelFactory.swift */,
			);
			path = Factories;
			sourceTree = "<group>";
		};
		25B794F920ACBF1700E2A2CA = {
			isa = PBXGroup;
			children = (
				25B7950420ACBF1700E2A2CA /* PasswordManager */,
				25B7951920ACBF1800E2A2CA /* PasswordManagerTests */,
				25B7952420ACBF1800E2A2CA /* PasswordManagerUITests */,
				25B7953820ACBF2900E2A2CA /* TestHost */,
				25B7950320ACBF1700E2A2CA /* Products */,
				4926E2FC44D1140A23F0A382 /* Pods */,
				A576605C117B594AFAC22805 /* Frameworks */,
			);
			sourceTree = "<group>";
		};
		25B7950320ACBF1700E2A2CA /* Products */ = {
			isa = PBXGroup;
			children = (
				25B7950220ACBF1700E2A2CA /* PasswordManager.app */,
				25B7951620ACBF1800E2A2CA /* PasswordManagerTests.xctest */,
				25B7952120ACBF1800E2A2CA /* PasswordManagerUITests.xctest */,
				25B7953720ACBF2900E2A2CA /* TestHost.app */,
			);
			name = Products;
			sourceTree = "<group>";
		};
		25B7950420ACBF1700E2A2CA /* PasswordManager */ = {
			isa = PBXGroup;
			children = (
				25B7954920ACBFDD00E2A2CA /* App */,
				25B7955220ACC38B00E2A2CA /* Domain */,
				25B7954B20ACBFF700E2A2CA /* Library */,
				25B7954A20ACBFE200E2A2CA /* Supporting Files */,
			);
			path = PasswordManager;
			sourceTree = "<group>";
		};
		25B7951920ACBF1800E2A2CA /* PasswordManagerTests */ = {
			isa = PBXGroup;
			children = (
				25B795CE20AD10C300E2A2CA /* Session */,
				25B795C920AD101E00E2A2CA /* Mocks */,
				25B795BF20ACF23000E2A2CA /* ViewModels */,
				25B7956220ACC6F200E2A2CA /* Keychain */,
				25B7951C20ACBF1800E2A2CA /* Info.plist */,
			);
			path = PasswordManagerTests;
			sourceTree = "<group>";
		};
		25B7952420ACBF1800E2A2CA /* PasswordManagerUITests */ = {
			isa = PBXGroup;
			children = (
				25B7952520ACBF1800E2A2CA /* PasswordManagerUITests.swift */,
				25B7952720ACBF1800E2A2CA /* Info.plist */,
			);
			path = PasswordManagerUITests;
			sourceTree = "<group>";
		};
		25B7953820ACBF2900E2A2CA /* TestHost */ = {
			isa = PBXGroup;
			children = (
				25B7956820ACCF9000E2A2CA /* TestHost.entitlements */,
				25B7953920ACBF2900E2A2CA /* AppDelegate.swift */,
				25B7954020ACBF2900E2A2CA /* Assets.xcassets */,
				25B7954520ACBF2900E2A2CA /* Info.plist */,
			);
			path = TestHost;
			sourceTree = "<group>";
		};
		25B7954920ACBFDD00E2A2CA /* App */ = {
			isa = PBXGroup;
			children = (
				25B7950520ACBF1700E2A2CA /* AppDelegate.swift */,
				25295CE720ADBDE60022EB8C /* Credentials */,
				25B7959120ACE21C00E2A2CA /* SignIn */,
				25B7954C20ACC00E00E2A2CA /* SignUp */,
				25B7958820ACE1D300E2A2CA /* BiometricAuth */,
			);
			path = App;
			sourceTree = "<group>";
		};
		25B7954A20ACBFE200E2A2CA /* Supporting Files */ = {
			isa = PBXGroup;
			children = (
				25B7950C20ACBF1800E2A2CA /* Assets.xcassets */,
				25B7951120ACBF1800E2A2CA /* Info.plist */,
				25B7950E20ACBF1800E2A2CA /* LaunchScreen.storyboard */,
			);
			path = "Supporting Files";
			sourceTree = "<group>";
		};
		25B7954B20ACBFF700E2A2CA /* Library */ = {
			isa = PBXGroup;
			children = (
				252CC43020AE451400A2FB64 /* Factories */,
				25B795A920ACE30000E2A2CA /* Extensions */,
				25B7955F20ACC5C300E2A2CA /* Keychain */,
				25B7957C20ACE01300E2A2CA /* Models */,
				25B7956D20ACDDF400E2A2CA /* Scenes */,
				25B7955120ACC37E00E2A2CA /* Services */,
				25B7959C20ACE27500E2A2CA /* Session */,
				25B7957F20ACE05E00E2A2CA /* Validation */,
			);
			path = Library;
			sourceTree = "<group>";
		};
		25B7954C20ACC00E00E2A2CA /* SignUp */ = {
			isa = PBXGroup;
			children = (
				25B7954D20ACC01A00E2A2CA /* SignUp.storyboard */,
				25B7954F20ACC22800E2A2CA /* SignUpViewModel.swift */,
				25B7957820ACDE4400E2A2CA /* SignUpViewController.swift */,
			);
			path = SignUp;
			sourceTree = "<group>";
		};
		25B7955120ACC37E00E2A2CA /* Services */ = {
			isa = PBXGroup;
			children = (
				25295D0120ADC1A00022EB8C /* Persistence */,
				25B795B820ACE8AE00E2A2CA /* Network */,
				25B7959A20ACE26000E2A2CA /* SignUpCoordinator.swift */,
				25B7959220ACE22F00E2A2CA /* SignInCoordinator.swift */,
				252CC42E20AE42AD00A2FB64 /* LogoLoader.swift */,
			);
			path = Services;
			sourceTree = "<group>";
		};
		25B7955220ACC38B00E2A2CA /* Domain */ = {
			isa = PBXGroup;
			children = (
				25B7955620ACC3FF00E2A2CA /* Models */,
				25B7955320ACC3A100E2A2CA /* Services */,
			);
			path = Domain;
			sourceTree = "<group>";
		};
		25B7955320ACC3A100E2A2CA /* Services */ = {
			isa = PBXGroup;
			children = (
				25B795AC20ACE4B500E2A2CA /* BiometricAuthHandlerType.swift */,
				25295CF920ADBED00022EB8C /* ImageLoaderType.swift */,
				252CC42C20AE40EB00A2FB64 /* ImageNetworkServiceType.swift */,
				25B795AF20ACE54100E2A2CA /* SignInCoordinatorType.swift */,
				25B795AE20ACE54100E2A2CA /* SignInNetworkServiceType.swift */,
				25B7955420ACC3BE00E2A2CA /* SignUpCoordinatorType.swift */,
				252CC42A20AE40AE00A2FB64 /* SignUpNetworkServiceType.swift */,
			);
			path = Services;
			sourceTree = "<group>";
		};
		25B7955620ACC3FF00E2A2CA /* Models */ = {
			isa = PBXGroup;
			children = (
				25295CF720ADBEA80022EB8C /* CredentialType.swift */,
				25B7955720ACC41300E2A2CA /* SessionType.swift */,
				25B7955920ACC43900E2A2CA /* SignUpDataType.swift */,
				25B7955B20ACC49D00E2A2CA /* UserType.swift */,
				25B795B220ACE57900E2A2CA /* SignInDataType.swift */,
			);
			path = Models;
			sourceTree = "<group>";
		};
		25B7955F20ACC5C300E2A2CA /* Keychain */ = {
			isa = PBXGroup;
			children = (
				25B7956020ACC5E200E2A2CA /* KeychainPasswordItem.swift */,
			);
			path = Keychain;
			sourceTree = "<group>";
		};
		25B7956220ACC6F200E2A2CA /* Keychain */ = {
			isa = PBXGroup;
			children = (
				25B7956420ACC71B00E2A2CA /* KeychainServerPasswordItemSpec.swift */,
				25B7956320ACC71A00E2A2CA /* PasswordManagerTests-Bridging-Header.h */,
			);
			path = Keychain;
			sourceTree = "<group>";
		};
		25B7956D20ACDDF400E2A2CA /* Scenes */ = {
			isa = PBXGroup;
			children = (
				25B7957A20ACDF2A00E2A2CA /* BindableType.swift */,
				25B7957220ACDE0D00E2A2CA /* Scene.swift */,
				25B7956F20ACDE0C00E2A2CA /* Scene+ViewController.swift */,
				25B7957020ACDE0C00E2A2CA /* SceneCoordinator.swift */,
				25B7957120ACDE0D00E2A2CA /* SceneCoordinatorType.swift */,
				25B7956E20ACDE0C00E2A2CA /* SceneTransitionType.swift */,
			);
			path = Scenes;
			sourceTree = "<group>";
		};
		25B7957C20ACE01300E2A2CA /* Models */ = {
			isa = PBXGroup;
			children = (
				25B795B420ACE61100E2A2CA /* SignInData.swift */,
				25B795AA20ACE32400E2A2CA /* User.swift */,
				25B7957D20ACE03A00E2A2CA /* SignUpData.swift */,
				25295D1120ADEA070022EB8C /* KeychainInternetPasswordItem+CredentialType.swift */,
			);
			path = Models;
			sourceTree = "<group>";
		};
		25B7957F20ACE05E00E2A2CA /* Validation */ = {
			isa = PBXGroup;
			children = (
				25B7958220ACE08200E2A2CA /* ContainsSpecialCharPattern.swift */,
				25B7958020ACE08200E2A2CA /* ValidationError.swift */,
				25B7958120ACE08200E2A2CA /* ValidationRuleSet+.swift */,
				25B7958620ACE0A400E2A2CA /* String+Validation.swift */,
			);
			path = Validation;
			sourceTree = "<group>";
		};
		25B7958820ACE1D300E2A2CA /* BiometricAuth */ = {
			isa = PBXGroup;
			children = (
				25B7958B20ACE1F500E2A2CA /* BiometricAuth.storyboard */,
				25B7958C20ACE1F500E2A2CA /* BiometricAuthentication.swift */,
				25B7958A20ACE1F500E2A2CA /* BiometricAuthViewController.swift */,
				25B7958920ACE1F500E2A2CA /* BiometricAuthViewModel.swift */,
			);
			path = BiometricAuth;
			sourceTree = "<group>";
		};
		25B7959120ACE21C00E2A2CA /* SignIn */ = {
			isa = PBXGroup;
			children = (
				25B7959320ACE22F00E2A2CA /* SignIn.storyboard */,
				25B7959420ACE22F00E2A2CA /* SignInViewController.swift */,
				25B7959520ACE22F00E2A2CA /* SignInViewModel.swift */,
			);
			path = SignIn;
			sourceTree = "<group>";
		};
		25B7959C20ACE27500E2A2CA /* Session */ = {
			isa = PBXGroup;
			children = (
				25B795A120ACE2A900E2A2CA /* PrimitiveSequenceType+UserType.swift */,
				25B7959D20ACE29000E2A2CA /* UserDefaults+Codable.swift */,
				25B7959E20ACE29000E2A2CA /* UserDefaults+SessionType.swift */,
			);
			path = Session;
			sourceTree = "<group>";
		};
		25B795A320ACE2B500E2A2CA /* Rx+ */ = {
			isa = PBXGroup;
			children = (
				25B795C020AD05DB00E2A2CA /* UINavigationController+Rx.swift */,
				25B795A420ACE2D200E2A2CA /* Single+Completable.swift */,
				252CC42820AE269D00A2FB64 /* KeychainPasswordItem+Rx.swift */,
			);
			path = "Rx+";
			sourceTree = "<group>";
		};
		25B795A920ACE30000E2A2CA /* Extensions */ = {
			isa = PBXGroup;
			children = (
				25B795A320ACE2B500E2A2CA /* Rx+ */,
				25B795A620ACE2E100E2A2CA /* UIViewController+.swift */,
			);
			path = Extensions;
			sourceTree = "<group>";
		};
		25B795B820ACE8AE00E2A2CA /* Network */ = {
			isa = PBXGroup;
			children = (
				25295CFF20ADC0E70022EB8C /* ImageNetworkService.swift */,
				25B795BD20ACEE9A00E2A2CA /* SignInNetworkService.swift */,
				25B795BB20ACE93A00E2A2CA /* APIResponse.swift */,
				25B795B920ACE8C800E2A2CA /* CedroAPI.swift */,
				25B795B620ACE89200E2A2CA /* SignUpNetworkService.swift */,
			);
			path = Network;
			sourceTree = "<group>";
		};
		25B795BF20ACF23000E2A2CA /* ViewModels */ = {
			isa = PBXGroup;
			children = (
				25B795C420AD0DEC00E2A2CA /* SignUpViewModelSpec.swift */,
			);
			path = ViewModels;
			sourceTree = "<group>";
		};
		25B795C920AD101E00E2A2CA /* Mocks */ = {
			isa = PBXGroup;
			children = (
				25B795C620AD0F3600E2A2CA /* MockSignUpCoordinator.swift */,
				25B795CA20AD101E00E2A2CA /* MockUserDefaults.swift */,
				25B795CF20AD10FB00E2A2CA /* MockSceneCoordinator.swift */,
				25B795D120AD123C00E2A2CA /* MockSignUpNetworkService.swift */,
			);
			path = Mocks;
			sourceTree = "<group>";
		};
		25B795CE20AD10C300E2A2CA /* Session */ = {
			isa = PBXGroup;
			children = (
				25B795CB20AD101E00E2A2CA /* UserDefaultsSpecs.swift */,
			);
			path = Session;
			sourceTree = "<group>";
		};
		4926E2FC44D1140A23F0A382 /* Pods */ = {
			isa = PBXGroup;
			children = (
				EA3BAA2CCDFA6B02797079CB /* Pods-PasswordManager.debug.xcconfig */,
				C2B00B29122C2D9EBB3FFEAF /* Pods-PasswordManager.release.xcconfig */,
				21E81011C173DE023492A262 /* Pods-PasswordManagerTests.debug.xcconfig */,
				734628A21743F7EF2B531933 /* Pods-PasswordManagerTests.release.xcconfig */,
				68CD98A50F2DECC1C6EB6ECA /* Pods-PasswordManagerUITests.debug.xcconfig */,
				4B00254758255895244F3CD4 /* Pods-PasswordManagerUITests.release.xcconfig */,
				137662B49AA5A49E82028616 /* Pods-TestHost.debug.xcconfig */,
				396B53E1E3DDA4AE5A2BEF54 /* Pods-TestHost.release.xcconfig */,
			);
			name = Pods;
			sourceTree = "<group>";
		};
		A576605C117B594AFAC22805 /* Frameworks */ = {
			isa = PBXGroup;
			children = (
				F6B0BDD4E6C1D69DE88A199E /* Pods_PasswordManager.framework */,
				D0CACBE904F3667010004289 /* Pods_PasswordManagerTests.framework */,
				44AD3405657510A4F05DE46C /* Pods_PasswordManagerUITests.framework */,
				BAFAEADEDB852F098F21E42C /* Pods_TestHost.framework */,
			);
			name = Frameworks;
			sourceTree = "<group>";
		};
/* End PBXGroup section */

/* Begin PBXNativeTarget section */
		25B7950120ACBF1700E2A2CA /* PasswordManager */ = {
			isa = PBXNativeTarget;
			buildConfigurationList = 25B7952A20ACBF1800E2A2CA /* Build configuration list for PBXNativeTarget "PasswordManager" */;
			buildPhases = (
				D27E1F07E85F579201D638A0 /* [CP] Check Pods Manifest.lock */,
				25B794FE20ACBF1700E2A2CA /* Sources */,
				25B794FF20ACBF1700E2A2CA /* Frameworks */,
				25B7950020ACBF1700E2A2CA /* Resources */,
				AA87C54FDBB09938CA598138 /* [CP] Embed Pods Frameworks */,
			);
			buildRules = (
			);
			dependencies = (
			);
			name = PasswordManager;
			productName = PasswordManager;
			productReference = 25B7950220ACBF1700E2A2CA /* PasswordManager.app */;
			productType = "com.apple.product-type.application";
		};
		25B7951520ACBF1800E2A2CA /* PasswordManagerTests */ = {
			isa = PBXNativeTarget;
			buildConfigurationList = 25B7952D20ACBF1800E2A2CA /* Build configuration list for PBXNativeTarget "PasswordManagerTests" */;
			buildPhases = (
				B13BAC546765EB216F572396 /* [CP] Check Pods Manifest.lock */,
				25B7951220ACBF1800E2A2CA /* Sources */,
				25B7951320ACBF1800E2A2CA /* Frameworks */,
				25B7951420ACBF1800E2A2CA /* Resources */,
				9F56FCA78DF3B262ECF02C31 /* [CP] Embed Pods Frameworks */,
			);
			buildRules = (
			);
			dependencies = (
				25B7951820ACBF1800E2A2CA /* PBXTargetDependency */,
				25B7956720ACCF6C00E2A2CA /* PBXTargetDependency */,
			);
			name = PasswordManagerTests;
			productName = PasswordManagerTests;
			productReference = 25B7951620ACBF1800E2A2CA /* PasswordManagerTests.xctest */;
			productType = "com.apple.product-type.bundle.unit-test";
		};
		25B7952020ACBF1800E2A2CA /* PasswordManagerUITests */ = {
			isa = PBXNativeTarget;
			buildConfigurationList = 25B7953020ACBF1800E2A2CA /* Build configuration list for PBXNativeTarget "PasswordManagerUITests" */;
			buildPhases = (
				6547E3D7391467A564AA5E19 /* [CP] Check Pods Manifest.lock */,
				25B7951D20ACBF1800E2A2CA /* Sources */,
				25B7951E20ACBF1800E2A2CA /* Frameworks */,
				25B7951F20ACBF1800E2A2CA /* Resources */,
			);
			buildRules = (
			);
			dependencies = (
				25B7952320ACBF1800E2A2CA /* PBXTargetDependency */,
			);
			name = PasswordManagerUITests;
			productName = PasswordManagerUITests;
			productReference = 25B7952120ACBF1800E2A2CA /* PasswordManagerUITests.xctest */;
			productType = "com.apple.product-type.bundle.ui-testing";
		};
		25B7953620ACBF2900E2A2CA /* TestHost */ = {
			isa = PBXNativeTarget;
			buildConfigurationList = 25B7954620ACBF2900E2A2CA /* Build configuration list for PBXNativeTarget "TestHost" */;
			buildPhases = (
				C0CD3F55619D5A8A1AD57D9D /* [CP] Check Pods Manifest.lock */,
				25B7953320ACBF2900E2A2CA /* Sources */,
				25B7953420ACBF2900E2A2CA /* Frameworks */,
				25B7953520ACBF2900E2A2CA /* Resources */,
			);
			buildRules = (
			);
			dependencies = (
				25B7956A20ACCFB500E2A2CA /* PBXTargetDependency */,
			);
			name = TestHost;
			productName = TestHost;
			productReference = 25B7953720ACBF2900E2A2CA /* TestHost.app */;
			productType = "com.apple.product-type.application";
		};
/* End PBXNativeTarget section */

/* Begin PBXProject section */
		25B794FA20ACBF1700E2A2CA /* Project object */ = {
			isa = PBXProject;
			attributes = {
				LastSwiftUpdateCheck = 0930;
				LastUpgradeCheck = 0930;
				ORGANIZATIONNAME = Cedro;
				TargetAttributes = {
					25B7950120ACBF1700E2A2CA = {
						CreatedOnToolsVersion = 9.3.1;
					};
					25B7951520ACBF1800E2A2CA = {
						CreatedOnToolsVersion = 9.3.1;
						LastSwiftMigration = 0930;
						TestTargetID = 25B7950120ACBF1700E2A2CA;
					};
					25B7952020ACBF1800E2A2CA = {
						CreatedOnToolsVersion = 9.3.1;
						TestTargetID = 25B7950120ACBF1700E2A2CA;
					};
					25B7953620ACBF2900E2A2CA = {
						CreatedOnToolsVersion = 9.3.1;
						SystemCapabilities = {
							com.apple.Keychain = {
								enabled = 1;
							};
						};
					};
				};
			};
			buildConfigurationList = 25B794FD20ACBF1700E2A2CA /* Build configuration list for PBXProject "PasswordManager" */;
			compatibilityVersion = "Xcode 9.3";
			developmentRegion = en;
			hasScannedForEncodings = 0;
			knownRegions = (
				en,
				Base,
			);
			mainGroup = 25B794F920ACBF1700E2A2CA;
			productRefGroup = 25B7950320ACBF1700E2A2CA /* Products */;
			projectDirPath = "";
			projectRoot = "";
			targets = (
				25B7950120ACBF1700E2A2CA /* PasswordManager */,
				25B7951520ACBF1800E2A2CA /* PasswordManagerTests */,
				25B7952020ACBF1800E2A2CA /* PasswordManagerUITests */,
				25B7953620ACBF2900E2A2CA /* TestHost */,
			);
		};
/* End PBXProject section */

/* Begin PBXResourcesBuildPhase section */
		25B7950020ACBF1700E2A2CA /* Resources */ = {
			isa = PBXResourcesBuildPhase;
			buildActionMask = 2147483647;
			files = (
				25B7951020ACBF1800E2A2CA /* LaunchScreen.storyboard in Resources */,
				25295D0620ADC94A0022EB8C /* EditCredential.storyboard in Resources */,
				25B7959720ACE22F00E2A2CA /* SignIn.storyboard in Resources */,
				25B7950D20ACBF1800E2A2CA /* Assets.xcassets in Resources */,
				25B7954E20ACC01A00E2A2CA /* SignUp.storyboard in Resources */,
				25B7958F20ACE1F500E2A2CA /* BiometricAuth.storyboard in Resources */,
				25295CED20ADBE3C0022EB8C /* Credentials.storyboard in Resources */,
			);
			runOnlyForDeploymentPostprocessing = 0;
		};
		25B7951420ACBF1800E2A2CA /* Resources */ = {
			isa = PBXResourcesBuildPhase;
			buildActionMask = 2147483647;
			files = (
			);
			runOnlyForDeploymentPostprocessing = 0;
		};
		25B7951F20ACBF1800E2A2CA /* Resources */ = {
			isa = PBXResourcesBuildPhase;
			buildActionMask = 2147483647;
			files = (
			);
			runOnlyForDeploymentPostprocessing = 0;
		};
		25B7953520ACBF2900E2A2CA /* Resources */ = {
			isa = PBXResourcesBuildPhase;
			buildActionMask = 2147483647;
			files = (
				25B7954120ACBF2900E2A2CA /* Assets.xcassets in Resources */,
			);
			runOnlyForDeploymentPostprocessing = 0;
		};
/* End PBXResourcesBuildPhase section */

/* Begin PBXShellScriptBuildPhase section */
		6547E3D7391467A564AA5E19 /* [CP] Check Pods Manifest.lock */ = {
			isa = PBXShellScriptBuildPhase;
			buildActionMask = 2147483647;
			files = (
			);
			inputPaths = (
				"${PODS_PODFILE_DIR_PATH}/Podfile.lock",
				"${PODS_ROOT}/Manifest.lock",
			);
			name = "[CP] Check Pods Manifest.lock";
			outputPaths = (
				"$(DERIVED_FILE_DIR)/Pods-PasswordManagerUITests-checkManifestLockResult.txt",
			);
			runOnlyForDeploymentPostprocessing = 0;
			shellPath = /bin/sh;
			shellScript = "diff \"${PODS_PODFILE_DIR_PATH}/Podfile.lock\" \"${PODS_ROOT}/Manifest.lock\" > /dev/null\nif [ $? != 0 ] ; then\n    # print error to STDERR\n    echo \"error: The sandbox is not in sync with the Podfile.lock. Run 'pod install' or update your CocoaPods installation.\" >&2\n    exit 1\nfi\n# This output is used by Xcode 'outputs' to avoid re-running this script phase.\necho \"SUCCESS\" > \"${SCRIPT_OUTPUT_FILE_0}\"\n";
			showEnvVarsInLog = 0;
		};
		9F56FCA78DF3B262ECF02C31 /* [CP] Embed Pods Frameworks */ = {
			isa = PBXShellScriptBuildPhase;
			buildActionMask = 2147483647;
			files = (
			);
			inputPaths = (
				"${SRCROOT}/Pods/Target Support Files/Pods-PasswordManagerTests/Pods-PasswordManagerTests-frameworks.sh",
				"${BUILT_PRODUCTS_DIR}/RxSwift/RxSwift.framework",
				"${BUILT_PRODUCTS_DIR}/Nimble/Nimble.framework",
				"${BUILT_PRODUCTS_DIR}/Quick/Quick.framework",
				"${BUILT_PRODUCTS_DIR}/RxBlocking/RxBlocking.framework",
				"${BUILT_PRODUCTS_DIR}/RxNimble/RxNimble.framework",
				"${BUILT_PRODUCTS_DIR}/RxTest/RxTest.framework",
			);
			name = "[CP] Embed Pods Frameworks";
			outputPaths = (
				"${TARGET_BUILD_DIR}/${FRAMEWORKS_FOLDER_PATH}/RxSwift.framework",
				"${TARGET_BUILD_DIR}/${FRAMEWORKS_FOLDER_PATH}/Nimble.framework",
				"${TARGET_BUILD_DIR}/${FRAMEWORKS_FOLDER_PATH}/Quick.framework",
				"${TARGET_BUILD_DIR}/${FRAMEWORKS_FOLDER_PATH}/RxBlocking.framework",
				"${TARGET_BUILD_DIR}/${FRAMEWORKS_FOLDER_PATH}/RxNimble.framework",
				"${TARGET_BUILD_DIR}/${FRAMEWORKS_FOLDER_PATH}/RxTest.framework",
			);
			runOnlyForDeploymentPostprocessing = 0;
			shellPath = /bin/sh;
			shellScript = "\"${SRCROOT}/Pods/Target Support Files/Pods-PasswordManagerTests/Pods-PasswordManagerTests-frameworks.sh\"\n";
			showEnvVarsInLog = 0;
		};
		AA87C54FDBB09938CA598138 /* [CP] Embed Pods Frameworks */ = {
			isa = PBXShellScriptBuildPhase;
			buildActionMask = 2147483647;
			files = (
			);
			inputPaths = (
				"${SRCROOT}/Pods/Target Support Files/Pods-PasswordManager/Pods-PasswordManager-frameworks.sh",
				"${BUILT_PRODUCTS_DIR}/Action/Action.framework",
				"${BUILT_PRODUCTS_DIR}/Alamofire/Alamofire.framework",
				"${BUILT_PRODUCTS_DIR}/Moya/Moya.framework",
				"${BUILT_PRODUCTS_DIR}/NSObject+Rx/NSObject_Rx.framework",
				"${BUILT_PRODUCTS_DIR}/Result/Result.framework",
				"${BUILT_PRODUCTS_DIR}/RxAnimated/RxAnimated.framework",
				"${BUILT_PRODUCTS_DIR}/RxCocoa/RxCocoa.framework",
				"${BUILT_PRODUCTS_DIR}/RxSwift/RxSwift.framework",
				"${BUILT_PRODUCTS_DIR}/Validator/Validator.framework",
			);
			name = "[CP] Embed Pods Frameworks";
			outputPaths = (
				"${TARGET_BUILD_DIR}/${FRAMEWORKS_FOLDER_PATH}/Action.framework",
				"${TARGET_BUILD_DIR}/${FRAMEWORKS_FOLDER_PATH}/Alamofire.framework",
				"${TARGET_BUILD_DIR}/${FRAMEWORKS_FOLDER_PATH}/Moya.framework",
				"${TARGET_BUILD_DIR}/${FRAMEWORKS_FOLDER_PATH}/NSObject_Rx.framework",
				"${TARGET_BUILD_DIR}/${FRAMEWORKS_FOLDER_PATH}/Result.framework",
				"${TARGET_BUILD_DIR}/${FRAMEWORKS_FOLDER_PATH}/RxAnimated.framework",
				"${TARGET_BUILD_DIR}/${FRAMEWORKS_FOLDER_PATH}/RxCocoa.framework",
				"${TARGET_BUILD_DIR}/${FRAMEWORKS_FOLDER_PATH}/RxSwift.framework",
				"${TARGET_BUILD_DIR}/${FRAMEWORKS_FOLDER_PATH}/Validator.framework",
			);
			runOnlyForDeploymentPostprocessing = 0;
			shellPath = /bin/sh;
			shellScript = "\"${SRCROOT}/Pods/Target Support Files/Pods-PasswordManager/Pods-PasswordManager-frameworks.sh\"\n";
			showEnvVarsInLog = 0;
		};
		B13BAC546765EB216F572396 /* [CP] Check Pods Manifest.lock */ = {
			isa = PBXShellScriptBuildPhase;
			buildActionMask = 2147483647;
			files = (
			);
			inputPaths = (
				"${PODS_PODFILE_DIR_PATH}/Podfile.lock",
				"${PODS_ROOT}/Manifest.lock",
			);
			name = "[CP] Check Pods Manifest.lock";
			outputPaths = (
				"$(DERIVED_FILE_DIR)/Pods-PasswordManagerTests-checkManifestLockResult.txt",
			);
			runOnlyForDeploymentPostprocessing = 0;
			shellPath = /bin/sh;
			shellScript = "diff \"${PODS_PODFILE_DIR_PATH}/Podfile.lock\" \"${PODS_ROOT}/Manifest.lock\" > /dev/null\nif [ $? != 0 ] ; then\n    # print error to STDERR\n    echo \"error: The sandbox is not in sync with the Podfile.lock. Run 'pod install' or update your CocoaPods installation.\" >&2\n    exit 1\nfi\n# This output is used by Xcode 'outputs' to avoid re-running this script phase.\necho \"SUCCESS\" > \"${SCRIPT_OUTPUT_FILE_0}\"\n";
			showEnvVarsInLog = 0;
		};
		C0CD3F55619D5A8A1AD57D9D /* [CP] Check Pods Manifest.lock */ = {
			isa = PBXShellScriptBuildPhase;
			buildActionMask = 2147483647;
			files = (
			);
			inputPaths = (
				"${PODS_PODFILE_DIR_PATH}/Podfile.lock",
				"${PODS_ROOT}/Manifest.lock",
			);
			name = "[CP] Check Pods Manifest.lock";
			outputPaths = (
				"$(DERIVED_FILE_DIR)/Pods-TestHost-checkManifestLockResult.txt",
			);
			runOnlyForDeploymentPostprocessing = 0;
			shellPath = /bin/sh;
			shellScript = "diff \"${PODS_PODFILE_DIR_PATH}/Podfile.lock\" \"${PODS_ROOT}/Manifest.lock\" > /dev/null\nif [ $? != 0 ] ; then\n    # print error to STDERR\n    echo \"error: The sandbox is not in sync with the Podfile.lock. Run 'pod install' or update your CocoaPods installation.\" >&2\n    exit 1\nfi\n# This output is used by Xcode 'outputs' to avoid re-running this script phase.\necho \"SUCCESS\" > \"${SCRIPT_OUTPUT_FILE_0}\"\n";
			showEnvVarsInLog = 0;
		};
		D27E1F07E85F579201D638A0 /* [CP] Check Pods Manifest.lock */ = {
			isa = PBXShellScriptBuildPhase;
			buildActionMask = 2147483647;
			files = (
			);
			inputPaths = (
				"${PODS_PODFILE_DIR_PATH}/Podfile.lock",
				"${PODS_ROOT}/Manifest.lock",
			);
			name = "[CP] Check Pods Manifest.lock";
			outputPaths = (
				"$(DERIVED_FILE_DIR)/Pods-PasswordManager-checkManifestLockResult.txt",
			);
			runOnlyForDeploymentPostprocessing = 0;
			shellPath = /bin/sh;
			shellScript = "diff \"${PODS_PODFILE_DIR_PATH}/Podfile.lock\" \"${PODS_ROOT}/Manifest.lock\" > /dev/null\nif [ $? != 0 ] ; then\n    # print error to STDERR\n    echo \"error: The sandbox is not in sync with the Podfile.lock. Run 'pod install' or update your CocoaPods installation.\" >&2\n    exit 1\nfi\n# This output is used by Xcode 'outputs' to avoid re-running this script phase.\necho \"SUCCESS\" > \"${SCRIPT_OUTPUT_FILE_0}\"\n";
			showEnvVarsInLog = 0;
		};
/* End PBXShellScriptBuildPhase section */

/* Begin PBXSourcesBuildPhase section */
		25B794FE20ACBF1700E2A2CA /* Sources */ = {
			isa = PBXSourcesBuildPhase;
			buildActionMask = 2147483647;
			files = (
				25B795AD20ACE4B500E2A2CA /* BiometricAuthHandlerType.swift in Sources */,
				25B7955020ACC22800E2A2CA /* SignUpViewModel.swift in Sources */,
				25B795A220ACE2A900E2A2CA /* PrimitiveSequenceType+UserType.swift in Sources */,
				25B795A720ACE2E100E2A2CA /* UIViewController+.swift in Sources */,
				25B7957520ACDE0D00E2A2CA /* SceneCoordinator.swift in Sources */,
				25295D0920ADC9530022EB8C /* EditCredentialViewController.swift in Sources */,
				25B795AB20ACE32400E2A2CA /* User.swift in Sources */,
				25B795B720ACE89200E2A2CA /* SignUpNetworkService.swift in Sources */,
				25295D0020ADC0E70022EB8C /* ImageNetworkService.swift in Sources */,
				25B795B520ACE61200E2A2CA /* SignInData.swift in Sources */,
				252CC43220AE453200A2FB64 /* LogoLoaderFactory.swift in Sources */,
				25295D0A20ADC9530022EB8C /* EditCredentialViewModel.swift in Sources */,
				252CC42B20AE40AE00A2FB64 /* SignUpNetworkServiceType.swift in Sources */,
				25B7958520ACE08200E2A2CA /* ContainsSpecialCharPattern.swift in Sources */,
				25295CF620ADBE650022EB8C /* CredentialTableViewCell.swift in Sources */,
				25B7955A20ACC43900E2A2CA /* SignUpDataType.swift in Sources */,
				25B7955C20ACC49D00E2A2CA /* UserType.swift in Sources */,
				25B7957E20ACE03A00E2A2CA /* SignUpData.swift in Sources */,
				25B7958320ACE08200E2A2CA /* ValidationError.swift in Sources */,
				25B795BE20ACEE9A00E2A2CA /* SignInNetworkService.swift in Sources */,
				25295CEF20ADBE440022EB8C /* CredentialsViewController.swift in Sources */,
				25295CF120ADBE4A0022EB8C /* CredentialsViewModel.swift in Sources */,
				25B795BC20ACE93A00E2A2CA /* APIResponse.swift in Sources */,
				25B7957420ACDE0D00E2A2CA /* Scene+ViewController.swift in Sources */,
				25295CF820ADBEA80022EB8C /* CredentialType.swift in Sources */,
				252CC42D20AE40EB00A2FB64 /* ImageNetworkServiceType.swift in Sources */,
				25295D1220ADEA070022EB8C /* KeychainInternetPasswordItem+CredentialType.swift in Sources */,
				25B795B120ACE54100E2A2CA /* SignInCoordinatorType.swift in Sources */,
				25B7956120ACC5E200E2A2CA /* KeychainPasswordItem.swift in Sources */,
				25B7958E20ACE1F500E2A2CA /* BiometricAuthViewController.swift in Sources */,
				252CC42920AE269D00A2FB64 /* KeychainPasswordItem+Rx.swift in Sources */,
				25B795B320ACE57900E2A2CA /* SignInDataType.swift in Sources */,
				25B7950620ACBF1700E2A2CA /* AppDelegate.swift in Sources */,
				25B795A520ACE2D200E2A2CA /* Single+Completable.swift in Sources */,
				25B7957620ACDE0D00E2A2CA /* SceneCoordinatorType.swift in Sources */,
				25B7959B20ACE26000E2A2CA /* SignUpCoordinator.swift in Sources */,
				25295CFA20ADBED00022EB8C /* ImageLoaderType.swift in Sources */,
				25B7957720ACDE0D00E2A2CA /* Scene.swift in Sources */,
				25B7958720ACE0A400E2A2CA /* String+Validation.swift in Sources */,
				25B7959920ACE22F00E2A2CA /* SignInViewModel.swift in Sources */,
				25B7955820ACC41300E2A2CA /* SessionType.swift in Sources */,
				25B7957B20ACDF2A00E2A2CA /* BindableType.swift in Sources */,
				25B7959620ACE22F00E2A2CA /* SignInCoordinator.swift in Sources */,
				25B795B020ACE54100E2A2CA /* SignInNetworkServiceType.swift in Sources */,
				25B795BA20ACE8C800E2A2CA /* CedroAPI.swift in Sources */,
				25B7958420ACE08200E2A2CA /* ValidationRuleSet+.swift in Sources */,
				25B7955520ACC3BE00E2A2CA /* SignUpCoordinatorType.swift in Sources */,
				25B795A020ACE29000E2A2CA /* UserDefaults+SessionType.swift in Sources */,
				25B7959020ACE1F500E2A2CA /* BiometricAuthentication.swift in Sources */,
				25B7959F20ACE29000E2A2CA /* UserDefaults+Codable.swift in Sources */,
				25B7959820ACE22F00E2A2CA /* SignInViewController.swift in Sources */,
				25B7957920ACDE4400E2A2CA /* SignUpViewController.swift in Sources */,
				252CC42F20AE42AD00A2FB64 /* LogoLoader.swift in Sources */,
				252CC43420AE46F100A2FB64 /* CredentialsViewModelFactory.swift in Sources */,
				25B795C120AD05DB00E2A2CA /* UINavigationController+Rx.swift in Sources */,
				25B7957320ACDE0D00E2A2CA /* SceneTransitionType.swift in Sources */,
				25B7958D20ACE1F500E2A2CA /* BiometricAuthViewModel.swift in Sources */,
			);
			runOnlyForDeploymentPostprocessing = 0;
		};
		25B7951220ACBF1800E2A2CA /* Sources */ = {
			isa = PBXSourcesBuildPhase;
			buildActionMask = 2147483647;
			files = (
				25B795D220AD123C00E2A2CA /* MockSignUpNetworkService.swift in Sources */,
				25B795CD20AD101E00E2A2CA /* UserDefaultsSpecs.swift in Sources */,
				25B7956520ACC71B00E2A2CA /* KeychainServerPasswordItemSpec.swift in Sources */,
				25B795C720AD0F3600E2A2CA /* MockSignUpCoordinator.swift in Sources */,
				25B795D020AD10FB00E2A2CA /* MockSceneCoordinator.swift in Sources */,
				25B795CC20AD101E00E2A2CA /* MockUserDefaults.swift in Sources */,
				25B795C520AD0DEC00E2A2CA /* SignUpViewModelSpec.swift in Sources */,
			);
			runOnlyForDeploymentPostprocessing = 0;
		};
		25B7951D20ACBF1800E2A2CA /* Sources */ = {
			isa = PBXSourcesBuildPhase;
			buildActionMask = 2147483647;
			files = (
				25B7952620ACBF1800E2A2CA /* PasswordManagerUITests.swift in Sources */,
			);
			runOnlyForDeploymentPostprocessing = 0;
		};
		25B7953320ACBF2900E2A2CA /* Sources */ = {
			isa = PBXSourcesBuildPhase;
			buildActionMask = 2147483647;
			files = (
				25B7953A20ACBF2900E2A2CA /* AppDelegate.swift in Sources */,
			);
			runOnlyForDeploymentPostprocessing = 0;
		};
/* End PBXSourcesBuildPhase section */

/* Begin PBXTargetDependency section */
		25B7951820ACBF1800E2A2CA /* PBXTargetDependency */ = {
			isa = PBXTargetDependency;
			target = 25B7950120ACBF1700E2A2CA /* PasswordManager */;
			targetProxy = 25B7951720ACBF1800E2A2CA /* PBXContainerItemProxy */;
		};
		25B7952320ACBF1800E2A2CA /* PBXTargetDependency */ = {
			isa = PBXTargetDependency;
			target = 25B7950120ACBF1700E2A2CA /* PasswordManager */;
			targetProxy = 25B7952220ACBF1800E2A2CA /* PBXContainerItemProxy */;
		};
		25B7956720ACCF6C00E2A2CA /* PBXTargetDependency */ = {
			isa = PBXTargetDependency;
			target = 25B7953620ACBF2900E2A2CA /* TestHost */;
			targetProxy = 25B7956620ACCF6C00E2A2CA /* PBXContainerItemProxy */;
		};
		25B7956A20ACCFB500E2A2CA /* PBXTargetDependency */ = {
			isa = PBXTargetDependency;
			target = 25B7950120ACBF1700E2A2CA /* PasswordManager */;
			targetProxy = 25B7956920ACCFB500E2A2CA /* PBXContainerItemProxy */;
		};
/* End PBXTargetDependency section */

/* Begin PBXVariantGroup section */
		25B7950E20ACBF1800E2A2CA /* LaunchScreen.storyboard */ = {
			isa = PBXVariantGroup;
			children = (
				25B7950F20ACBF1800E2A2CA /* Base */,
			);
			name = LaunchScreen.storyboard;
			sourceTree = "<group>";
		};
/* End PBXVariantGroup section */

/* Begin XCBuildConfiguration section */
		25B7952820ACBF1800E2A2CA /* Debug */ = {
			isa = XCBuildConfiguration;
			buildSettings = {
				ALWAYS_SEARCH_USER_PATHS = NO;
				CLANG_ANALYZER_NONNULL = YES;
				CLANG_ANALYZER_NUMBER_OBJECT_CONVERSION = YES_AGGRESSIVE;
				CLANG_CXX_LANGUAGE_STANDARD = "gnu++14";
				CLANG_CXX_LIBRARY = "libc++";
				CLANG_ENABLE_MODULES = YES;
				CLANG_ENABLE_OBJC_ARC = YES;
				CLANG_ENABLE_OBJC_WEAK = YES;
				CLANG_WARN_BLOCK_CAPTURE_AUTORELEASING = YES;
				CLANG_WARN_BOOL_CONVERSION = YES;
				CLANG_WARN_COMMA = YES;
				CLANG_WARN_CONSTANT_CONVERSION = YES;
				CLANG_WARN_DEPRECATED_OBJC_IMPLEMENTATIONS = YES;
				CLANG_WARN_DIRECT_OBJC_ISA_USAGE = YES_ERROR;
				CLANG_WARN_DOCUMENTATION_COMMENTS = YES;
				CLANG_WARN_EMPTY_BODY = YES;
				CLANG_WARN_ENUM_CONVERSION = YES;
				CLANG_WARN_INFINITE_RECURSION = YES;
				CLANG_WARN_INT_CONVERSION = YES;
				CLANG_WARN_NON_LITERAL_NULL_CONVERSION = YES;
				CLANG_WARN_OBJC_IMPLICIT_RETAIN_SELF = YES;
				CLANG_WARN_OBJC_LITERAL_CONVERSION = YES;
				CLANG_WARN_OBJC_ROOT_CLASS = YES_ERROR;
				CLANG_WARN_RANGE_LOOP_ANALYSIS = YES;
				CLANG_WARN_STRICT_PROTOTYPES = YES;
				CLANG_WARN_SUSPICIOUS_MOVE = YES;
				CLANG_WARN_UNGUARDED_AVAILABILITY = YES_AGGRESSIVE;
				CLANG_WARN_UNREACHABLE_CODE = YES;
				CLANG_WARN__DUPLICATE_METHOD_MATCH = YES;
				CODE_SIGN_IDENTITY = "iPhone Developer";
				COPY_PHASE_STRIP = NO;
				DEBUG_INFORMATION_FORMAT = dwarf;
				ENABLE_STRICT_OBJC_MSGSEND = YES;
				ENABLE_TESTABILITY = YES;
				GCC_C_LANGUAGE_STANDARD = gnu11;
				GCC_DYNAMIC_NO_PIC = NO;
				GCC_NO_COMMON_BLOCKS = YES;
				GCC_OPTIMIZATION_LEVEL = 0;
				GCC_PREPROCESSOR_DEFINITIONS = (
					"DEBUG=1",
					"$(inherited)",
				);
				GCC_WARN_64_TO_32_BIT_CONVERSION = YES;
				GCC_WARN_ABOUT_RETURN_TYPE = YES_ERROR;
				GCC_WARN_UNDECLARED_SELECTOR = YES;
				GCC_WARN_UNINITIALIZED_AUTOS = YES_AGGRESSIVE;
				GCC_WARN_UNUSED_FUNCTION = YES;
				GCC_WARN_UNUSED_VARIABLE = YES;
				IPHONEOS_DEPLOYMENT_TARGET = 11.3;
				MTL_ENABLE_DEBUG_INFO = YES;
				ONLY_ACTIVE_ARCH = YES;
				SDKROOT = iphoneos;
				SWIFT_ACTIVE_COMPILATION_CONDITIONS = DEBUG;
				SWIFT_OPTIMIZATION_LEVEL = "-Onone";
			};
			name = Debug;
		};
		25B7952920ACBF1800E2A2CA /* Release */ = {
			isa = XCBuildConfiguration;
			buildSettings = {
				ALWAYS_SEARCH_USER_PATHS = NO;
				CLANG_ANALYZER_NONNULL = YES;
				CLANG_ANALYZER_NUMBER_OBJECT_CONVERSION = YES_AGGRESSIVE;
				CLANG_CXX_LANGUAGE_STANDARD = "gnu++14";
				CLANG_CXX_LIBRARY = "libc++";
				CLANG_ENABLE_MODULES = YES;
				CLANG_ENABLE_OBJC_ARC = YES;
				CLANG_ENABLE_OBJC_WEAK = YES;
				CLANG_WARN_BLOCK_CAPTURE_AUTORELEASING = YES;
				CLANG_WARN_BOOL_CONVERSION = YES;
				CLANG_WARN_COMMA = YES;
				CLANG_WARN_CONSTANT_CONVERSION = YES;
				CLANG_WARN_DEPRECATED_OBJC_IMPLEMENTATIONS = YES;
				CLANG_WARN_DIRECT_OBJC_ISA_USAGE = YES_ERROR;
				CLANG_WARN_DOCUMENTATION_COMMENTS = YES;
				CLANG_WARN_EMPTY_BODY = YES;
				CLANG_WARN_ENUM_CONVERSION = YES;
				CLANG_WARN_INFINITE_RECURSION = YES;
				CLANG_WARN_INT_CONVERSION = YES;
				CLANG_WARN_NON_LITERAL_NULL_CONVERSION = YES;
				CLANG_WARN_OBJC_IMPLICIT_RETAIN_SELF = YES;
				CLANG_WARN_OBJC_LITERAL_CONVERSION = YES;
				CLANG_WARN_OBJC_ROOT_CLASS = YES_ERROR;
				CLANG_WARN_RANGE_LOOP_ANALYSIS = YES;
				CLANG_WARN_STRICT_PROTOTYPES = YES;
				CLANG_WARN_SUSPICIOUS_MOVE = YES;
				CLANG_WARN_UNGUARDED_AVAILABILITY = YES_AGGRESSIVE;
				CLANG_WARN_UNREACHABLE_CODE = YES;
				CLANG_WARN__DUPLICATE_METHOD_MATCH = YES;
				CODE_SIGN_IDENTITY = "iPhone Developer";
				COPY_PHASE_STRIP = NO;
				DEBUG_INFORMATION_FORMAT = "dwarf-with-dsym";
				ENABLE_NS_ASSERTIONS = NO;
				ENABLE_STRICT_OBJC_MSGSEND = YES;
				GCC_C_LANGUAGE_STANDARD = gnu11;
				GCC_NO_COMMON_BLOCKS = YES;
				GCC_WARN_64_TO_32_BIT_CONVERSION = YES;
				GCC_WARN_ABOUT_RETURN_TYPE = YES_ERROR;
				GCC_WARN_UNDECLARED_SELECTOR = YES;
				GCC_WARN_UNINITIALIZED_AUTOS = YES_AGGRESSIVE;
				GCC_WARN_UNUSED_FUNCTION = YES;
				GCC_WARN_UNUSED_VARIABLE = YES;
				IPHONEOS_DEPLOYMENT_TARGET = 11.3;
				MTL_ENABLE_DEBUG_INFO = NO;
				SDKROOT = iphoneos;
				SWIFT_COMPILATION_MODE = wholemodule;
				SWIFT_OPTIMIZATION_LEVEL = "-O";
				VALIDATE_PRODUCT = YES;
			};
			name = Release;
		};
		25B7952B20ACBF1800E2A2CA /* Debug */ = {
			isa = XCBuildConfiguration;
			baseConfigurationReference = EA3BAA2CCDFA6B02797079CB /* Pods-PasswordManager.debug.xcconfig */;
			buildSettings = {
				ASSETCATALOG_COMPILER_APPICON_NAME = AppIcon;
				CODE_SIGN_STYLE = Automatic;
				DEVELOPMENT_TEAM = A83VQCEWHR;
				INFOPLIST_FILE = "$(SRCROOT)/PasswordManager/Supporting Files/Info.plist";
				LD_RUNPATH_SEARCH_PATHS = (
					"$(inherited)",
					"@executable_path/Frameworks",
				);
				PRODUCT_BUNDLE_IDENTIFIER = com.cedro.PasswordManager;
				PRODUCT_NAME = "$(TARGET_NAME)";
				SWIFT_VERSION = 4.0;
				TARGETED_DEVICE_FAMILY = "1,2";
			};
			name = Debug;
		};
		25B7952C20ACBF1800E2A2CA /* Release */ = {
			isa = XCBuildConfiguration;
			baseConfigurationReference = C2B00B29122C2D9EBB3FFEAF /* Pods-PasswordManager.release.xcconfig */;
			buildSettings = {
				ASSETCATALOG_COMPILER_APPICON_NAME = AppIcon;
				CODE_SIGN_STYLE = Automatic;
				DEVELOPMENT_TEAM = A83VQCEWHR;
				INFOPLIST_FILE = "$(SRCROOT)/PasswordManager/Supporting Files/Info.plist";
				LD_RUNPATH_SEARCH_PATHS = (
					"$(inherited)",
					"@executable_path/Frameworks",
				);
				PRODUCT_BUNDLE_IDENTIFIER = com.cedro.PasswordManager;
				PRODUCT_NAME = "$(TARGET_NAME)";
				SWIFT_VERSION = 4.0;
				TARGETED_DEVICE_FAMILY = "1,2";
			};
			name = Release;
		};
		25B7952E20ACBF1800E2A2CA /* Debug */ = {
			isa = XCBuildConfiguration;
			baseConfigurationReference = 21E81011C173DE023492A262 /* Pods-PasswordManagerTests.debug.xcconfig */;
			buildSettings = {
				BUNDLE_LOADER = "$(TEST_HOST)";
				CLANG_ENABLE_MODULES = YES;
				CODE_SIGN_STYLE = Automatic;
				DEVELOPMENT_TEAM = A83VQCEWHR;
				INFOPLIST_FILE = PasswordManagerTests/Info.plist;
				LD_RUNPATH_SEARCH_PATHS = (
					"$(inherited)",
					"@executable_path/Frameworks",
					"@loader_path/Frameworks",
				);
				PRODUCT_BUNDLE_IDENTIFIER = com.cedro.PasswordManagerTests;
				PRODUCT_NAME = "$(TARGET_NAME)";
				SWIFT_OBJC_BRIDGING_HEADER = "PasswordManagerTests/Keychain/PasswordManagerTests-Bridging-Header.h";
				SWIFT_OPTIMIZATION_LEVEL = "-Onone";
				SWIFT_VERSION = 4.0;
				TARGETED_DEVICE_FAMILY = "1,2";
				TEST_HOST = "$(BUILT_PRODUCTS_DIR)/PasswordManager.app/PasswordManager";
			};
			name = Debug;
		};
		25B7952F20ACBF1800E2A2CA /* Release */ = {
			isa = XCBuildConfiguration;
			baseConfigurationReference = 734628A21743F7EF2B531933 /* Pods-PasswordManagerTests.release.xcconfig */;
			buildSettings = {
				BUNDLE_LOADER = "$(TEST_HOST)";
				CLANG_ENABLE_MODULES = YES;
				CODE_SIGN_STYLE = Automatic;
				DEVELOPMENT_TEAM = A83VQCEWHR;
				INFOPLIST_FILE = PasswordManagerTests/Info.plist;
				LD_RUNPATH_SEARCH_PATHS = (
					"$(inherited)",
					"@executable_path/Frameworks",
					"@loader_path/Frameworks",
				);
				PRODUCT_BUNDLE_IDENTIFIER = com.cedro.PasswordManagerTests;
				PRODUCT_NAME = "$(TARGET_NAME)";
				SWIFT_OBJC_BRIDGING_HEADER = "PasswordManagerTests/Keychain/PasswordManagerTests-Bridging-Header.h";
				SWIFT_VERSION = 4.0;
				TARGETED_DEVICE_FAMILY = "1,2";
				TEST_HOST = "$(BUILT_PRODUCTS_DIR)/PasswordManager.app/PasswordManager";
			};
			name = Release;
		};
		25B7953120ACBF1800E2A2CA /* Debug */ = {
			isa = XCBuildConfiguration;
			baseConfigurationReference = 68CD98A50F2DECC1C6EB6ECA /* Pods-PasswordManagerUITests.debug.xcconfig */;
			buildSettings = {
				CODE_SIGN_STYLE = Automatic;
				DEVELOPMENT_TEAM = A83VQCEWHR;
				INFOPLIST_FILE = PasswordManagerUITests/Info.plist;
				LD_RUNPATH_SEARCH_PATHS = (
					"$(inherited)",
					"@executable_path/Frameworks",
					"@loader_path/Frameworks",
				);
				PRODUCT_BUNDLE_IDENTIFIER = com.cedro.PasswordManagerUITests;
				PRODUCT_NAME = "$(TARGET_NAME)";
				SWIFT_VERSION = 4.0;
				TARGETED_DEVICE_FAMILY = "1,2";
				TEST_TARGET_NAME = PasswordManager;
			};
			name = Debug;
		};
		25B7953220ACBF1800E2A2CA /* Release */ = {
			isa = XCBuildConfiguration;
			baseConfigurationReference = 4B00254758255895244F3CD4 /* Pods-PasswordManagerUITests.release.xcconfig */;
			buildSettings = {
				CODE_SIGN_STYLE = Automatic;
				DEVELOPMENT_TEAM = A83VQCEWHR;
				INFOPLIST_FILE = PasswordManagerUITests/Info.plist;
				LD_RUNPATH_SEARCH_PATHS = (
					"$(inherited)",
					"@executable_path/Frameworks",
					"@loader_path/Frameworks",
				);
				PRODUCT_BUNDLE_IDENTIFIER = com.cedro.PasswordManagerUITests;
				PRODUCT_NAME = "$(TARGET_NAME)";
				SWIFT_VERSION = 4.0;
				TARGETED_DEVICE_FAMILY = "1,2";
				TEST_TARGET_NAME = PasswordManager;
			};
			name = Release;
		};
		25B7954720ACBF2900E2A2CA /* Debug */ = {
			isa = XCBuildConfiguration;
			baseConfigurationReference = 137662B49AA5A49E82028616 /* Pods-TestHost.debug.xcconfig */;
			buildSettings = {
				ASSETCATALOG_COMPILER_APPICON_NAME = AppIcon;
				CODE_SIGN_ENTITLEMENTS = TestHost/TestHost.entitlements;
				CODE_SIGN_STYLE = Automatic;
				DEVELOPMENT_TEAM = A83VQCEWHR;
				INFOPLIST_FILE = TestHost/Info.plist;
				LD_RUNPATH_SEARCH_PATHS = (
					"$(inherited)",
					"@executable_path/Frameworks",
				);
				PRODUCT_BUNDLE_IDENTIFIER = com.cedro.TestHost;
				PRODUCT_NAME = "$(TARGET_NAME)";
				SWIFT_VERSION = 4.0;
				TARGETED_DEVICE_FAMILY = "1,2";
			};
			name = Debug;
		};
		25B7954820ACBF2900E2A2CA /* Release */ = {
			isa = XCBuildConfiguration;
			baseConfigurationReference = 396B53E1E3DDA4AE5A2BEF54 /* Pods-TestHost.release.xcconfig */;
			buildSettings = {
				ASSETCATALOG_COMPILER_APPICON_NAME = AppIcon;
				CODE_SIGN_ENTITLEMENTS = TestHost/TestHost.entitlements;
				CODE_SIGN_STYLE = Automatic;
				DEVELOPMENT_TEAM = A83VQCEWHR;
				INFOPLIST_FILE = TestHost/Info.plist;
				LD_RUNPATH_SEARCH_PATHS = (
					"$(inherited)",
					"@executable_path/Frameworks",
				);
				PRODUCT_BUNDLE_IDENTIFIER = com.cedro.TestHost;
				PRODUCT_NAME = "$(TARGET_NAME)";
				SWIFT_VERSION = 4.0;
				TARGETED_DEVICE_FAMILY = "1,2";
			};
			name = Release;
		};
/* End XCBuildConfiguration section */

/* Begin XCConfigurationList section */
		25B794FD20ACBF1700E2A2CA /* Build configuration list for PBXProject "PasswordManager" */ = {
			isa = XCConfigurationList;
			buildConfigurations = (
				25B7952820ACBF1800E2A2CA /* Debug */,
				25B7952920ACBF1800E2A2CA /* Release */,
			);
			defaultConfigurationIsVisible = 0;
			defaultConfigurationName = Release;
		};
		25B7952A20ACBF1800E2A2CA /* Build configuration list for PBXNativeTarget "PasswordManager" */ = {
			isa = XCConfigurationList;
			buildConfigurations = (
				25B7952B20ACBF1800E2A2CA /* Debug */,
				25B7952C20ACBF1800E2A2CA /* Release */,
			);
			defaultConfigurationIsVisible = 0;
			defaultConfigurationName = Release;
		};
		25B7952D20ACBF1800E2A2CA /* Build configuration list for PBXNativeTarget "PasswordManagerTests" */ = {
			isa = XCConfigurationList;
			buildConfigurations = (
				25B7952E20ACBF1800E2A2CA /* Debug */,
				25B7952F20ACBF1800E2A2CA /* Release */,
			);
			defaultConfigurationIsVisible = 0;
			defaultConfigurationName = Release;
		};
		25B7953020ACBF1800E2A2CA /* Build configuration list for PBXNativeTarget "PasswordManagerUITests" */ = {
			isa = XCConfigurationList;
			buildConfigurations = (
				25B7953120ACBF1800E2A2CA /* Debug */,
				25B7953220ACBF1800E2A2CA /* Release */,
			);
			defaultConfigurationIsVisible = 0;
			defaultConfigurationName = Release;
		};
		25B7954620ACBF2900E2A2CA /* Build configuration list for PBXNativeTarget "TestHost" */ = {
			isa = XCConfigurationList;
			buildConfigurations = (
				25B7954720ACBF2900E2A2CA /* Debug */,
				25B7954820ACBF2900E2A2CA /* Release */,
			);
			defaultConfigurationIsVisible = 0;
			defaultConfigurationName = Release;
		};
/* End XCConfigurationList section */
	};
	rootObject = 25B794FA20ACBF1700E2A2CA /* Project object */;
}
